
Microsoft Visual Studio Solution File, Format Version 12.00
# Visual Studio Version 17
VisualStudioVersion = 17.1.32414.318
MinimumVisualStudioVersion = 10.0.40219.1
Project("{9A19103F-16F7-4668-BE54-9A1E7A4F7556}") = "GettingStartedIL2C", "GettingStartedIL2C\GettingStartedIL2C.csproj", "{DA321962-5C65-4DD4-9224-B1A664431A75}"
EndProject
Global
	GlobalSection(SolutionConfigurationPlatforms) = preSolution
		Debug|Any CPU = Debug|Any CPU
		Debug|x64 = Debug|x64
		Debug|x86 = Debug|x86
		Release|Any CPU = Release|Any CPU
		Release|x64 = Release|x64
		Release|x86 = Release|x86
	EndGlobalSection
	GlobalSection(ProjectConfigurationPlatforms) = postSolution
		{DA321962-5C65-4DD4-9224-B1A664431A75}.Debug|Any CPU.ActiveCfg = Debug|Any CPU
		{DA321962-5C65-4DD4-9224-B1A664431A75}.Debug|Any CPU.Build.0 = Debug|Any CPU
		{DA321962-5C65-4DD4-9224-B1A664431A75}.Debug|x64.ActiveCfg = Debug|Any CPU
		{DA321962-5C65-4DD4-9224-B1A664431A75}.Debug|x64.Build.0 = Debug|Any CPU
		{DA321962-5C65-4DD4-9224-B1A664431A75}.Debug|x86.ActiveCfg = Debug|Any CPU
		{DA321962-5C65-4DD4-9224-B1A664431A75}.Debug|x86.Build.0 = Debug|Any CPU
		{DA321962-5C65-4DD4-9224-B1A664431A75}.Release|Any CPU.ActiveCfg = Release|Any CPU
		{DA321962-5C65-4DD4-9224-B1A664431A75}.Release|Any CPU.Build.0 = Release|Any CPU
		{DA321962-5C65-4DD4-9224-B1A664431A75}.Release|x64.ActiveCfg = Release|Any CPU
		{DA321962-5C65-4DD4-9224-B1A664431A75}.Release|x64.Build.0 = Release|Any CPU
		{DA321962-5C65-4DD4-9224-B1A664431A75}.Release|x86.ActiveCfg = Release|Any CPU
		{DA321962-5C65-4DD4-9224-B1A664431A75}.Release|x86.Build.0 = Release|Any CPU
	EndGlobalSection
	GlobalSection(SolutionProperties) = preSolution
		HideSolutionNode = FALSE
	EndGlobalSection
	GlobalSection(ExtensibilityGlobals) = postSolution
		SolutionGuid = {D10F3D95-C20B-4CF5-A448-C47CD85662DF}
	EndGlobalSection
EndGlobal
