
Microsoft Visual Studio Solution File, Format Version 12.00
# Visual Studio Version 17
VisualStudioVersion = 17.1.32414.318
MinimumVisualStudioVersion = 10.0.40219.1
Project("{9A19103F-16F7-4668-BE54-9A1E7A4F7556}") = "ShowMessageBoxOnWindows", "ShowMessageBoxOnWindows\ShowMessageBoxOnWindows.csproj", "{9C9C2926-081A-4193-94A9-2FE8BD19772C}"
EndProject
Project("{9A19103F-16F7-4668-BE54-9A1E7A4F7556}") = "HelloWorld", "HelloWorld\HelloWorld.csproj", "{849B0A98-1053-412A-96DC-08D299E9F56A}"
EndProject
Global
	GlobalSection(SolutionConfigurationPlatforms) = preSolution
		Debug|Any CPU = Debug|Any CPU
		Debug|x64 = Debug|x64
		Debug|x86 = Debug|x86
		Release|Any CPU = Release|Any CPU
		Release|x64 = Release|x64
		Release|x86 = Release|x86
	EndGlobalSection
	GlobalSection(ProjectConfigurationPlatforms) = postSolution
		{9C9C2926-081A-4193-94A9-2FE8BD19772C}.Debug|Any CPU.ActiveCfg = Debug|Any CPU
		{9C9C2926-081A-4193-94A9-2FE8BD19772C}.Debug|Any CPU.Build.0 = Debug|Any CPU
		{9C9C2926-081A-4193-94A9-2FE8BD19772C}.Debug|x64.ActiveCfg = Debug|Any CPU
		{9C9C2926-081A-4193-94A9-2FE8BD19772C}.Debug|x64.Build.0 = Debug|Any CPU
		{9C9C2926-081A-4193-94A9-2FE8BD19772C}.Debug|x86.ActiveCfg = Debug|Any CPU
		{9C9C2926-081A-4193-94A9-2FE8BD19772C}.Debug|x86.Build.0 = Debug|Any CPU
		{9C9C2926-081A-4193-94A9-2FE8BD19772C}.Release|Any CPU.ActiveCfg = Release|Any CPU
		{9C9C2926-081A-4193-94A9-2FE8BD19772C}.Release|Any CPU.Build.0 = Release|Any CPU
		{9C9C2926-081A-4193-94A9-2FE8BD19772C}.Release|x64.ActiveCfg = Release|Any CPU
		{9C9C2926-081A-4193-94A9-2FE8BD19772C}.Release|x64.Build.0 = Release|Any CPU
		{9C9C2926-081A-4193-94A9-2FE8BD19772C}.Release|x86.ActiveCfg = Release|Any CPU
		{9C9C2926-081A-4193-94A9-2FE8BD19772C}.Release|x86.Build.0 = Release|Any CPU
		{849B0A98-1053-412A-96DC-08D299E9F56A}.Debug|Any CPU.ActiveCfg = Debug|Any CPU
		{849B0A98-1053-412A-96DC-08D299E9F56A}.Debug|Any CPU.Build.0 = Debug|Any CPU
		{849B0A98-1053-412A-96DC-08D299E9F56A}.Debug|x64.ActiveCfg = Debug|Any CPU
		{849B0A98-1053-412A-96DC-08D299E9F56A}.Debug|x64.Build.0 = Debug|Any CPU
		{849B0A98-1053-412A-96DC-08D299E9F56A}.Debug|x86.ActiveCfg = Debug|Any CPU
		{849B0A98-1053-412A-96DC-08D299E9F56A}.Debug|x86.Build.0 = Debug|Any CPU
		{849B0A98-1053-412A-96DC-08D299E9F56A}.Release|Any CPU.ActiveCfg = Release|Any CPU
		{849B0A98-1053-412A-96DC-08D299E9F56A}.Release|Any CPU.Build.0 = Release|Any CPU
		{849B0A98-1053-412A-96DC-08D299E9F56A}.Release|x64.ActiveCfg = Release|Any CPU
		{849B0A98-1053-412A-96DC-08D299E9F56A}.Release|x64.Build.0 = Release|Any CPU
		{849B0A98-1053-412A-96DC-08D299E9F56A}.Release|x86.ActiveCfg = Release|Any CPU
		{849B0A98-1053-412A-96DC-08D299E9F56A}.Release|x86.Build.0 = Release|Any CPU
	EndGlobalSection
	GlobalSection(SolutionProperties) = preSolution
		HideSolutionNode = FALSE
	EndGlobalSection
	GlobalSection(ExtensibilityGlobals) = postSolution
		SolutionGuid = {D10F3D95-C20B-4CF5-A448-C47CD85662DF}
	EndGlobalSection
EndGlobal
