
Microsoft Visual Studio Solution File, Format Version 12.00
# Visual Studio Version 16
VisualStudioVersion = 16.0.29411.108
MinimumVisualStudioVersion = 10.0.40219.1
Project("{9A19103F-16F7-4668-BE54-9A1E7A4F7556}") = "GettingStartedIL2C", "GettingStartedIL2C\GettingStartedIL2C.csproj", "{DA321962-5C65-4DD4-9224-B1A664431A75}"
EndProject
Project("{8BC9CEB8-8B4A-11D0-8D11-00A0C91BC942}") = "GettingStartedIL2CMain", "GettingStartedIL2CMain\GettingStartedIL2CMain.vcxproj", "{C1B0FEDE-8761-4CD9-B5EE-E60D3ACBEAEB}"
	ProjectSection(ProjectDependencies) = postProject
		{DA321962-5C65-4DD4-9224-B1A664431A75} = {DA321962-5C65-4DD4-9224-B1A664431A75}
	EndProjectSection
EndProject
Global
	GlobalSection(SolutionConfigurationPlatforms) = preSolution
		Debug|Any CPU = Debug|Any CPU
		Debug|x64 = Debug|x64
		Debug|x86 = Debug|x86
		Release|Any CPU = Release|Any CPU
		Release|x64 = Release|x64
		Release|x86 = Release|x86
	EndGlobalSection
	GlobalSection(ProjectConfigurationPlatforms) = postSolution
		{DA321962-5C65-4DD4-9224-B1A664431A75}.Debug|Any CPU.ActiveCfg = Debug|Any CPU
		{DA321962-5C65-4DD4-9224-B1A664431A75}.Debug|Any CPU.Build.0 = Debug|Any CPU
		{DA321962-5C65-4DD4-9224-B1A664431A75}.Debug|x64.ActiveCfg = Debug|Any CPU
		{DA321962-5C65-4DD4-9224-B1A664431A75}.Debug|x64.Build.0 = Debug|Any CPU
		{DA321962-5C65-4DD4-9224-B1A664431A75}.Debug|x86.ActiveCfg = Debug|Any CPU
		{DA321962-5C65-4DD4-9224-B1A664431A75}.Debug|x86.Build.0 = Debug|Any CPU
		{DA321962-5C65-4DD4-9224-B1A664431A75}.Release|Any CPU.ActiveCfg = Release|Any CPU
		{DA321962-5C65-4DD4-9224-B1A664431A75}.Release|Any CPU.Build.0 = Release|Any CPU
		{DA321962-5C65-4DD4-9224-B1A664431A75}.Release|x64.ActiveCfg = Release|Any CPU
		{DA321962-5C65-4DD4-9224-B1A664431A75}.Release|x64.Build.0 = Release|Any CPU
		{DA321962-5C65-4DD4-9224-B1A664431A75}.Release|x86.ActiveCfg = Release|Any CPU
		{DA321962-5C65-4DD4-9224-B1A664431A75}.Release|x86.Build.0 = Release|Any CPU
		{C1B0FEDE-8761-4CD9-B5EE-E60D3ACBEAEB}.Debug|Any CPU.ActiveCfg = Debug|Win32
		{C1B0FEDE-8761-4CD9-B5EE-E60D3ACBEAEB}.Debug|Any CPU.Build.0 = Debug|Win32
		{C1B0FEDE-8761-4CD9-B5EE-E60D3ACBEAEB}.Debug|x64.ActiveCfg = Debug|x64
		{C1B0FEDE-8761-4CD9-B5EE-E60D3ACBEAEB}.Debug|x64.Build.0 = Debug|x64
		{C1B0FEDE-8761-4CD9-B5EE-E60D3ACBEAEB}.Debug|x86.ActiveCfg = Debug|Win32
		{C1B0FEDE-8761-4CD9-B5EE-E60D3ACBEAEB}.Debug|x86.Build.0 = Debug|Win32
		{C1B0FEDE-8761-4CD9-B5EE-E60D3ACBEAEB}.Release|Any CPU.ActiveCfg = Release|Win32
		{C1B0FEDE-8761-4CD9-B5EE-E60D3ACBEAEB}.Release|Any CPU.Build.0 = Release|Win32
		{C1B0FEDE-8761-4CD9-B5EE-E60D3ACBEAEB}.Release|x64.ActiveCfg = Release|x64
		{C1B0FEDE-8761-4CD9-B5EE-E60D3ACBEAEB}.Release|x64.Build.0 = Release|x64
		{C1B0FEDE-8761-4CD9-B5EE-E60D3ACBEAEB}.Release|x86.ActiveCfg = Release|Win32
		{C1B0FEDE-8761-4CD9-B5EE-E60D3ACBEAEB}.Release|x86.Build.0 = Release|Win32
	EndGlobalSection
	GlobalSection(SolutionProperties) = preSolution
		HideSolutionNode = FALSE
	EndGlobalSection
	GlobalSection(ExtensibilityGlobals) = postSolution
		SolutionGuid = {D10F3D95-C20B-4CF5-A448-C47CD85662DF}
	EndGlobalSection
EndGlobal
