
Microsoft Visual Studio Solution File, Format Version 12.00
# Visual Studio 15
VisualStudioVersion = 15.0.26730.12
MinimumVisualStudioVersion = 10.0.40219.1
Project("{FAE04EC0-301F-11D3-BF4B-00C04F79EFBC}") = "il2c", "il2c\il2c.csproj", "{2CBC90EC-5581-452F-8231-086E4553D20E}"
	ProjectSection(ProjectDependencies) = postProject
		{3E38B68E-3502-4916-8F07-EDCC8C8125FA} = {3E38B68E-3502-4916-8F07-EDCC8C8125FA}
	EndProjectSection
EndProject
Project("{2150E333-8FDC-42A3-9474-1A3956D46DE8}") = "Solution Items", "Solution Items", "{D105E6CD-626A-4C04-8AF6-0AA34A4E9CF4}"
	ProjectSection(SolutionItems) = preProject
		.gitignore = .gitignore
		LICENSE = LICENSE
	EndProjectSection
EndProject
Project("{FAE04EC0-301F-11D3-BF4B-00C04F79EFBC}") = "IL2C.Core", "IL2C.Core\IL2C.Core.csproj", "{0B75BDBB-7768-4BE6-B126-7972600B45A3}"
EndProject
Project("{FAE04EC0-301F-11D3-BF4B-00C04F79EFBC}") = "IL2C.Core.Tests", "IL2C.Core.Tests\IL2C.Core.Tests.csproj", "{48B74A95-CFB9-43E6-84DA-8CA46F875803}"
EndProject
Project("{8BC9CEB8-8B4A-11D0-8D11-00A0C91BC942}") = "IL2C.CLanguage.Tests", "IL2C.CLanguage.Tests\IL2C.CLanguage.Tests.vcxproj", "{C0FBAFDF-E7D8-465C-81CF-E9B218224137}"
EndProject
Project("{FAE04EC0-301F-11D3-BF4B-00C04F79EFBC}") = "il2c_test_target", "il2c_test_target\il2c_test_target.csproj", "{3E38B68E-3502-4916-8F07-EDCC8C8125FA}"
EndProject
Global
	GlobalSection(SolutionConfigurationPlatforms) = preSolution
		Debug|Any CPU = Debug|Any CPU
		Debug|x64 = Debug|x64
		Debug|x86 = Debug|x86
		Release|Any CPU = Release|Any CPU
		Release|x64 = Release|x64
		Release|x86 = Release|x86
	EndGlobalSection
	GlobalSection(ProjectConfigurationPlatforms) = postSolution
		{2CBC90EC-5581-452F-8231-086E4553D20E}.Debug|Any CPU.ActiveCfg = Debug|Any CPU
		{2CBC90EC-5581-452F-8231-086E4553D20E}.Debug|Any CPU.Build.0 = Debug|Any CPU
		{2CBC90EC-5581-452F-8231-086E4553D20E}.Debug|x64.ActiveCfg = Debug|Any CPU
		{2CBC90EC-5581-452F-8231-086E4553D20E}.Debug|x64.Build.0 = Debug|Any CPU
		{2CBC90EC-5581-452F-8231-086E4553D20E}.Debug|x86.ActiveCfg = Debug|Any CPU
		{2CBC90EC-5581-452F-8231-086E4553D20E}.Debug|x86.Build.0 = Debug|Any CPU
		{2CBC90EC-5581-452F-8231-086E4553D20E}.Release|Any CPU.ActiveCfg = Release|Any CPU
		{2CBC90EC-5581-452F-8231-086E4553D20E}.Release|Any CPU.Build.0 = Release|Any CPU
		{2CBC90EC-5581-452F-8231-086E4553D20E}.Release|x64.ActiveCfg = Release|Any CPU
		{2CBC90EC-5581-452F-8231-086E4553D20E}.Release|x64.Build.0 = Release|Any CPU
		{2CBC90EC-5581-452F-8231-086E4553D20E}.Release|x86.ActiveCfg = Release|Any CPU
		{2CBC90EC-5581-452F-8231-086E4553D20E}.Release|x86.Build.0 = Release|Any CPU
		{0B75BDBB-7768-4BE6-B126-7972600B45A3}.Debug|Any CPU.ActiveCfg = Debug|Any CPU
		{0B75BDBB-7768-4BE6-B126-7972600B45A3}.Debug|Any CPU.Build.0 = Debug|Any CPU
		{0B75BDBB-7768-4BE6-B126-7972600B45A3}.Debug|x64.ActiveCfg = Debug|Any CPU
		{0B75BDBB-7768-4BE6-B126-7972600B45A3}.Debug|x64.Build.0 = Debug|Any CPU
		{0B75BDBB-7768-4BE6-B126-7972600B45A3}.Debug|x86.ActiveCfg = Debug|Any CPU
		{0B75BDBB-7768-4BE6-B126-7972600B45A3}.Debug|x86.Build.0 = Debug|Any CPU
		{0B75BDBB-7768-4BE6-B126-7972600B45A3}.Release|Any CPU.ActiveCfg = Release|Any CPU
		{0B75BDBB-7768-4BE6-B126-7972600B45A3}.Release|Any CPU.Build.0 = Release|Any CPU
		{0B75BDBB-7768-4BE6-B126-7972600B45A3}.Release|x64.ActiveCfg = Release|Any CPU
		{0B75BDBB-7768-4BE6-B126-7972600B45A3}.Release|x64.Build.0 = Release|Any CPU
		{0B75BDBB-7768-4BE6-B126-7972600B45A3}.Release|x86.ActiveCfg = Release|Any CPU
		{0B75BDBB-7768-4BE6-B126-7972600B45A3}.Release|x86.Build.0 = Release|Any CPU
		{48B74A95-CFB9-43E6-84DA-8CA46F875803}.Debug|Any CPU.ActiveCfg = Debug|Any CPU
		{48B74A95-CFB9-43E6-84DA-8CA46F875803}.Debug|Any CPU.Build.0 = Debug|Any CPU
		{48B74A95-CFB9-43E6-84DA-8CA46F875803}.Debug|x64.ActiveCfg = Debug|Any CPU
		{48B74A95-CFB9-43E6-84DA-8CA46F875803}.Debug|x64.Build.0 = Debug|Any CPU
		{48B74A95-CFB9-43E6-84DA-8CA46F875803}.Debug|x86.ActiveCfg = Debug|Any CPU
		{48B74A95-CFB9-43E6-84DA-8CA46F875803}.Debug|x86.Build.0 = Debug|Any CPU
		{48B74A95-CFB9-43E6-84DA-8CA46F875803}.Release|Any CPU.ActiveCfg = Release|Any CPU
		{48B74A95-CFB9-43E6-84DA-8CA46F875803}.Release|Any CPU.Build.0 = Release|Any CPU
		{48B74A95-CFB9-43E6-84DA-8CA46F875803}.Release|x64.ActiveCfg = Release|Any CPU
		{48B74A95-CFB9-43E6-84DA-8CA46F875803}.Release|x64.Build.0 = Release|Any CPU
		{48B74A95-CFB9-43E6-84DA-8CA46F875803}.Release|x86.ActiveCfg = Release|Any CPU
		{48B74A95-CFB9-43E6-84DA-8CA46F875803}.Release|x86.Build.0 = Release|Any CPU
		{C0FBAFDF-E7D8-465C-81CF-E9B218224137}.Debug|Any CPU.ActiveCfg = Debug|x64
		{C0FBAFDF-E7D8-465C-81CF-E9B218224137}.Debug|Any CPU.Build.0 = Debug|x64
		{C0FBAFDF-E7D8-465C-81CF-E9B218224137}.Debug|x64.ActiveCfg = Debug|x64
		{C0FBAFDF-E7D8-465C-81CF-E9B218224137}.Debug|x64.Build.0 = Debug|x64
		{C0FBAFDF-E7D8-465C-81CF-E9B218224137}.Debug|x86.ActiveCfg = Debug|Win32
		{C0FBAFDF-E7D8-465C-81CF-E9B218224137}.Debug|x86.Build.0 = Debug|Win32
		{C0FBAFDF-E7D8-465C-81CF-E9B218224137}.Release|Any CPU.ActiveCfg = Release|x64
		{C0FBAFDF-E7D8-465C-81CF-E9B218224137}.Release|Any CPU.Build.0 = Release|x64
		{C0FBAFDF-E7D8-465C-81CF-E9B218224137}.Release|x64.ActiveCfg = Release|x64
		{C0FBAFDF-E7D8-465C-81CF-E9B218224137}.Release|x64.Build.0 = Release|x64
		{C0FBAFDF-E7D8-465C-81CF-E9B218224137}.Release|x86.ActiveCfg = Release|Win32
		{C0FBAFDF-E7D8-465C-81CF-E9B218224137}.Release|x86.Build.0 = Release|Win32
		{3E38B68E-3502-4916-8F07-EDCC8C8125FA}.Debug|Any CPU.ActiveCfg = Debug|Any CPU
		{3E38B68E-3502-4916-8F07-EDCC8C8125FA}.Debug|Any CPU.Build.0 = Debug|Any CPU
		{3E38B68E-3502-4916-8F07-EDCC8C8125FA}.Debug|x64.ActiveCfg = Debug|Any CPU
		{3E38B68E-3502-4916-8F07-EDCC8C8125FA}.Debug|x64.Build.0 = Debug|Any CPU
		{3E38B68E-3502-4916-8F07-EDCC8C8125FA}.Debug|x86.ActiveCfg = Debug|Any CPU
		{3E38B68E-3502-4916-8F07-EDCC8C8125FA}.Debug|x86.Build.0 = Debug|Any CPU
		{3E38B68E-3502-4916-8F07-EDCC8C8125FA}.Release|Any CPU.ActiveCfg = Release|Any CPU
		{3E38B68E-3502-4916-8F07-EDCC8C8125FA}.Release|Any CPU.Build.0 = Release|Any CPU
		{3E38B68E-3502-4916-8F07-EDCC8C8125FA}.Release|x64.ActiveCfg = Release|Any CPU
		{3E38B68E-3502-4916-8F07-EDCC8C8125FA}.Release|x64.Build.0 = Release|Any CPU
		{3E38B68E-3502-4916-8F07-EDCC8C8125FA}.Release|x86.ActiveCfg = Release|Any CPU
		{3E38B68E-3502-4916-8F07-EDCC8C8125FA}.Release|x86.Build.0 = Release|Any CPU
	EndGlobalSection
	GlobalSection(SolutionProperties) = preSolution
		HideSolutionNode = FALSE
	EndGlobalSection
	GlobalSection(ExtensibilityGlobals) = postSolution
		SolutionGuid = {D4628360-6C13-42D4-9011-6E43A3A0777C}
	EndGlobalSection
EndGlobal
