Microsoft Visual Studio Solution File, Format Version 12.00
# Visual Studio Version 17
VisualStudioVersion = 17.1.32414.318
MinimumVisualStudioVersion = 10.0.40219.1
Project("{9A19103F-16F7-4668-BE54-9A1E7A4F7556}") = "IL2C.Build", "src\IL2C.Build\IL2C.Build.csproj", "{2CBC90EC-5581-452F-8231-086E4553D20E}"
EndProject
Project("{2150E333-8FDC-42A3-9474-1A3956D46DE8}") = "Solution Items", "Solution Items", "{D105E6CD-626A-4C04-8AF6-0AA34A4E9CF4}"
	ProjectSection(SolutionItems) = preProject
		LICENSE = LICENSE
		NuGet.config = NuGet.config
		pack.bat = pack.bat
		pack.sh = pack.sh
	EndProjectSection
EndProject
Project("{9A19103F-16F7-4668-BE54-9A1E7A4F7556}") = "IL2C.Core", "src\IL2C.Core\IL2C.Core.csproj", "{678EFB0E-BC0A-4749-AD48-079F98D9468D}"
EndProject
Project("{9A19103F-16F7-4668-BE54-9A1E7A4F7556}") = "IL2C.Interop", "src\IL2C.Interop\IL2C.Interop.csproj", "{854E1ABE-0873-4BDC-8ABF-7F9506DD66DB}"
EndProject
Project("{2150E333-8FDC-42A3-9474-1A3956D46DE8}") = "misc", "misc", "{726D7AE4-C17F-4530-9D6B-53B517DCA037}"
EndProject
Project("{9A19103F-16F7-4668-BE54-9A1E7A4F7556}") = "ArtifactCollector", "misc\ArtifactCollector\ArtifactCollector.csproj", "{F0FAC02F-7F91-4ABB-8552-F037803523EE}"
EndProject
Project("{9A19103F-16F7-4668-BE54-9A1E7A4F7556}") = "IL2C.Toolchain.gcc4.mingw32", "misc\IL2C.Toolchain.gcc4.mingw32\IL2C.Toolchain.gcc4.mingw32.csproj", "{9F4783AA-5C0B-446D-952E-3062A380D00B}"
EndProject
Project("{9A19103F-16F7-4668-BE54-9A1E7A4F7556}") = "IL2C.Runtime", "src\IL2C.Runtime\IL2C.Runtime.csproj", "{8ABDE634-D3EF-4B43-8BDA-371C71CC3F4C}"
EndProject
Global
	GlobalSection(SolutionConfigurationPlatforms) = preSolution
		Debug|Any CPU = Debug|Any CPU
		Release|Any CPU = Release|Any CPU
	EndGlobalSection
	GlobalSection(ProjectConfigurationPlatforms) = postSolution
		{2CBC90EC-5581-452F-8231-086E4553D20E}.Debug|Any CPU.ActiveCfg = Debug|Any CPU
		{2CBC90EC-5581-452F-8231-086E4553D20E}.Debug|Any CPU.Build.0 = Debug|Any CPU
		{2CBC90EC-5581-452F-8231-086E4553D20E}.Release|Any CPU.ActiveCfg = Release|Any CPU
		{2CBC90EC-5581-452F-8231-086E4553D20E}.Release|Any CPU.Build.0 = Release|Any CPU
		{678EFB0E-BC0A-4749-AD48-079F98D9468D}.Debug|Any CPU.ActiveCfg = Debug|Any CPU
		{678EFB0E-BC0A-4749-AD48-079F98D9468D}.Debug|Any CPU.Build.0 = Debug|Any CPU
		{678EFB0E-BC0A-4749-AD48-079F98D9468D}.Release|Any CPU.ActiveCfg = Release|Any CPU
		{678EFB0E-BC0A-4749-AD48-079F98D9468D}.Release|Any CPU.Build.0 = Release|Any CPU
		{854E1ABE-0873-4BDC-8ABF-7F9506DD66DB}.Debug|Any CPU.ActiveCfg = Debug|Any CPU
		{854E1ABE-0873-4BDC-8ABF-7F9506DD66DB}.Debug|Any CPU.Build.0 = Debug|Any CPU
		{854E1ABE-0873-4BDC-8ABF-7F9506DD66DB}.Release|Any CPU.ActiveCfg = Release|Any CPU
		{854E1ABE-0873-4BDC-8ABF-7F9506DD66DB}.Release|Any CPU.Build.0 = Release|Any CPU
		{F0FAC02F-7F91-4ABB-8552-F037803523EE}.Debug|Any CPU.ActiveCfg = Debug|Any CPU
		{F0FAC02F-7F91-4ABB-8552-F037803523EE}.Debug|Any CPU.Build.0 = Debug|Any CPU
		{F0FAC02F-7F91-4ABB-8552-F037803523EE}.Release|Any CPU.ActiveCfg = Release|Any CPU
		{F0FAC02F-7F91-4ABB-8552-F037803523EE}.Release|Any CPU.Build.0 = Release|Any CPU
		{9F4783AA-5C0B-446D-952E-3062A380D00B}.Debug|Any CPU.ActiveCfg = Debug|Any CPU
		{9F4783AA-5C0B-446D-952E-3062A380D00B}.Debug|Any CPU.Build.0 = Debug|Any CPU
		{9F4783AA-5C0B-446D-952E-3062A380D00B}.Release|Any CPU.ActiveCfg = Release|Any CPU
		{9F4783AA-5C0B-446D-952E-3062A380D00B}.Release|Any CPU.Build.0 = Release|Any CPU
		{8ABDE634-D3EF-4B43-8BDA-371C71CC3F4C}.Debug|Any CPU.ActiveCfg = Debug|Any CPU
		{8ABDE634-D3EF-4B43-8BDA-371C71CC3F4C}.Debug|Any CPU.Build.0 = Debug|Any CPU
		{8ABDE634-D3EF-4B43-8BDA-371C71CC3F4C}.Release|Any CPU.ActiveCfg = Release|Any CPU
		{8ABDE634-D3EF-4B43-8BDA-371C71CC3F4C}.Release|Any CPU.Build.0 = Release|Any CPU
	EndGlobalSection
	GlobalSection(SolutionProperties) = preSolution
		HideSolutionNode = FALSE
	EndGlobalSection
	GlobalSection(NestedProjects) = preSolution
		{F0FAC02F-7F91-4ABB-8552-F037803523EE} = {726D7AE4-C17F-4530-9D6B-53B517DCA037}
		{9F4783AA-5C0B-446D-952E-3062A380D00B} = {726D7AE4-C17F-4530-9D6B-53B517DCA037}
	EndGlobalSection
	GlobalSection(ExtensibilityGlobals) = postSolution
		SolutionGuid = {D4628360-6C13-42D4-9011-6E43A3A0777C}
	EndGlobalSection
EndGlobal
