
Microsoft Visual Studio Solution File, Format Version 12.00
# Visual Studio 15
VisualStudioVersion = 15.0.27130.2024
MinimumVisualStudioVersion = 10.0.40219.1
Project("{9A19103F-16F7-4668-BE54-9A1E7A4F7556}") = "IL2C", "IL2C\IL2C.csproj", "{2CBC90EC-5581-452F-8231-086E4553D20E}"
EndProject
Project("{2150E333-8FDC-42A3-9474-1A3956D46DE8}") = "Solution Items", "Solution Items", "{D105E6CD-626A-4C04-8AF6-0AA34A4E9CF4}"
	ProjectSection(SolutionItems) = preProject
		.gitignore = .gitignore
		appveyor.yml = appveyor.yml
		circle.yml = circle.yml
		LICENSE = LICENSE
		README.md = README.md
	EndProjectSection
EndProject
Project("{9A19103F-16F7-4668-BE54-9A1E7A4F7556}") = "IL2C.Core", "IL2C.Core\IL2C.Core.csproj", "{678EFB0E-BC0A-4749-AD48-079F98D9468D}"
EndProject
Project("{9A19103F-16F7-4668-BE54-9A1E7A4F7556}") = "IL2C.Core.Tests", "IL2C.Core.Tests\IL2C.Core.Tests.csproj", "{7E7682DE-81E0-40FF-9818-D4B810DE4DA1}"
EndProject
Project("{2150E333-8FDC-42A3-9474-1A3956D46DE8}") = "tests", "tests", "{3910CC6E-4D5E-42CD-8E2B-77931A5DC30E}"
EndProject
Project("{2150E333-8FDC-42A3-9474-1A3956D46DE8}") = "WioLTE", "WioLTE", "{BD5D230C-9751-4468-A3D4-5B73D0956967}"
	ProjectSection(SolutionItems) = preProject
		tests\WioLTE\README.md = tests\WioLTE\README.md
	EndProjectSection
EndProject
Project("{8BC9CEB8-8B4A-11D0-8D11-00A0C91BC942}") = "Win32.Target", "tests\Win32\Win32.Target\Win32.Target.vcxproj", "{46A93EC7-2D54-47AB-AE30-A75F3244A896}"
	ProjectSection(ProjectDependencies) = postProject
		{3E38B68E-3502-4916-8F07-EDCC8C8125FA} = {3E38B68E-3502-4916-8F07-EDCC8C8125FA}
		{2CBC90EC-5581-452F-8231-086E4553D20E} = {2CBC90EC-5581-452F-8231-086E4553D20E}
	EndProjectSection
EndProject
Project("{2150E333-8FDC-42A3-9474-1A3956D46DE8}") = "Win32", "Win32", "{A7C2733E-8B97-412E-9A06-6C1AD6A25883}"
EndProject
Project("{9A19103F-16F7-4668-BE54-9A1E7A4F7556}") = "Win32.Code", "tests\Win32\Win32.Code\Win32.Code.csproj", "{3E38B68E-3502-4916-8F07-EDCC8C8125FA}"
	ProjectSection(ProjectDependencies) = postProject
		{2CBC90EC-5581-452F-8231-086E4553D20E} = {2CBC90EC-5581-452F-8231-086E4553D20E}
	EndProjectSection
EndProject
Project("{9A19103F-16F7-4668-BE54-9A1E7A4F7556}") = "WioLTE.Code", "tests\WioLTE\WioLTE.Code\WioLTE.Code.csproj", "{B6732D24-B141-4FE5-B8B7-BF886B3DC386}"
	ProjectSection(ProjectDependencies) = postProject
		{2CBC90EC-5581-452F-8231-086E4553D20E} = {2CBC90EC-5581-452F-8231-086E4553D20E}
	EndProjectSection
EndProject
Project("{2150E333-8FDC-42A3-9474-1A3956D46DE8}") = "Arduino", "Arduino", "{FF74CD27-CF9C-4765-813D-020E1E09827E}"
	ProjectSection(SolutionItems) = preProject
		tests\WioLTE\Arduino\main.ino = tests\WioLTE\Arduino\main.ino
	EndProjectSection
EndProject
Project("{2150E333-8FDC-42A3-9474-1A3956D46DE8}") = "il2c", "il2c", "{9F82CF81-8B3F-4094-BA4D-131BB47613D0}"
	ProjectSection(SolutionItems) = preProject
		tests\WioLTE\Arduino\il2c\il2c.cpp = tests\WioLTE\Arduino\il2c\il2c.cpp
		tests\WioLTE\Arduino\il2c\il2c.h = tests\WioLTE\Arduino\il2c\il2c.h
		tests\WioLTE\Arduino\il2c\il2c_test_target.cpp = tests\WioLTE\Arduino\il2c\il2c_test_target.cpp
		tests\WioLTE\Arduino\il2c\il2c_test_target.h = tests\WioLTE\Arduino\il2c\il2c_test_target.h
		tests\WioLTE\Arduino\il2c\WioLTE.h = tests\WioLTE\Arduino\il2c\WioLTE.h
	EndProjectSection
EndProject
Project("{2150E333-8FDC-42A3-9474-1A3956D46DE8}") = "WDM", "WDM", "{920AC4EC-76C6-4A4B-B378-5EE88E2FC5EA}"
EndProject
Project("{8BC9CEB8-8B4A-11D0-8D11-00A0C91BC942}") = "WDM.Target", "tests\WDM\WDM.Target\WDM.Target.vcxproj", "{50445CF4-073C-4124-88F0-D62770164C25}"
	ProjectSection(ProjectDependencies) = postProject
		{12F45761-9FC9-4EE7-B37D-39DD0DB996A7} = {12F45761-9FC9-4EE7-B37D-39DD0DB996A7}
		{2CBC90EC-5581-452F-8231-086E4553D20E} = {2CBC90EC-5581-452F-8231-086E4553D20E}
	EndProjectSection
EndProject
Project("{9A19103F-16F7-4668-BE54-9A1E7A4F7556}") = "WDM.Code", "tests\WDM\WDM.Code\WDM.Code.csproj", "{12F45761-9FC9-4EE7-B37D-39DD0DB996A7}"
	ProjectSection(ProjectDependencies) = postProject
		{2CBC90EC-5581-452F-8231-086E4553D20E} = {2CBC90EC-5581-452F-8231-086E4553D20E}
	EndProjectSection
EndProject
Project("{2150E333-8FDC-42A3-9474-1A3956D46DE8}") = "data", "data", "{48B9A1D0-42C4-46EF-B3CB-7241820DF69D}"
	ProjectSection(SolutionItems) = preProject
		tests\WDM\data\cdimage.iso = tests\WDM\data\cdimage.iso
		tests\WDM\data\testfile1.txt = tests\WDM\data\testfile1.txt
		tests\WDM\data\testfile2.txt = tests\WDM\data\testfile2.txt
		tests\WDM\data\testfile3.txt = tests\WDM\data\testfile3.txt
	EndProjectSection
EndProject
Project("{2150E333-8FDC-42A3-9474-1A3956D46DE8}") = "UEFI", "UEFI", "{3FE125E4-9312-428A-A626-1F745B7CA8D2}"
EndProject
Project("{9A19103F-16F7-4668-BE54-9A1E7A4F7556}") = "UEFI.Code", "tests\UEFI\UEFI.Code\UEFI.Code.csproj", "{FCC3E4FF-3600-49E0-A7B1-B4AEFCBE775D}"
	ProjectSection(ProjectDependencies) = postProject
		{2CBC90EC-5581-452F-8231-086E4553D20E} = {2CBC90EC-5581-452F-8231-086E4553D20E}
	EndProjectSection
EndProject
Project("{8BC9CEB8-8B4A-11D0-8D11-00A0C91BC942}") = "UEFI.Target", "tests\UEFI\UEFI.Target\UEFI.Target.vcxproj", "{22C45898-CBAE-43D0-83A8-9AB921A3E081}"
	ProjectSection(ProjectDependencies) = postProject
		{2CBC90EC-5581-452F-8231-086E4553D20E} = {2CBC90EC-5581-452F-8231-086E4553D20E}
		{FCC3E4FF-3600-49E0-A7B1-B4AEFCBE775D} = {FCC3E4FF-3600-49E0-A7B1-B4AEFCBE775D}
	EndProjectSection
EndProject
Global
	GlobalSection(SolutionConfigurationPlatforms) = preSolution
		Debug|Any CPU = Debug|Any CPU
		Release|Any CPU = Release|Any CPU
	EndGlobalSection
	GlobalSection(ProjectConfigurationPlatforms) = postSolution
		{2CBC90EC-5581-452F-8231-086E4553D20E}.Debug|Any CPU.ActiveCfg = Debug|Any CPU
		{2CBC90EC-5581-452F-8231-086E4553D20E}.Debug|Any CPU.Build.0 = Debug|Any CPU
		{2CBC90EC-5581-452F-8231-086E4553D20E}.Release|Any CPU.ActiveCfg = Release|Any CPU
		{2CBC90EC-5581-452F-8231-086E4553D20E}.Release|Any CPU.Build.0 = Release|Any CPU
		{678EFB0E-BC0A-4749-AD48-079F98D9468D}.Debug|Any CPU.ActiveCfg = Debug|Any CPU
		{678EFB0E-BC0A-4749-AD48-079F98D9468D}.Debug|Any CPU.Build.0 = Debug|Any CPU
		{678EFB0E-BC0A-4749-AD48-079F98D9468D}.Release|Any CPU.ActiveCfg = Release|Any CPU
		{678EFB0E-BC0A-4749-AD48-079F98D9468D}.Release|Any CPU.Build.0 = Release|Any CPU
		{7E7682DE-81E0-40FF-9818-D4B810DE4DA1}.Debug|Any CPU.ActiveCfg = Debug|Any CPU
		{7E7682DE-81E0-40FF-9818-D4B810DE4DA1}.Debug|Any CPU.Build.0 = Debug|Any CPU
		{7E7682DE-81E0-40FF-9818-D4B810DE4DA1}.Release|Any CPU.ActiveCfg = Release|Any CPU
		{7E7682DE-81E0-40FF-9818-D4B810DE4DA1}.Release|Any CPU.Build.0 = Release|Any CPU
		{46A93EC7-2D54-47AB-AE30-A75F3244A896}.Debug|Any CPU.ActiveCfg = Debug|x64
		{46A93EC7-2D54-47AB-AE30-A75F3244A896}.Debug|Any CPU.Build.0 = Debug|x64
		{46A93EC7-2D54-47AB-AE30-A75F3244A896}.Release|Any CPU.ActiveCfg = Release|x64
		{46A93EC7-2D54-47AB-AE30-A75F3244A896}.Release|Any CPU.Build.0 = Release|x64
		{3E38B68E-3502-4916-8F07-EDCC8C8125FA}.Debug|Any CPU.ActiveCfg = Debug|Any CPU
		{3E38B68E-3502-4916-8F07-EDCC8C8125FA}.Debug|Any CPU.Build.0 = Debug|Any CPU
		{3E38B68E-3502-4916-8F07-EDCC8C8125FA}.Release|Any CPU.ActiveCfg = Release|Any CPU
		{3E38B68E-3502-4916-8F07-EDCC8C8125FA}.Release|Any CPU.Build.0 = Release|Any CPU
		{B6732D24-B141-4FE5-B8B7-BF886B3DC386}.Debug|Any CPU.ActiveCfg = Debug|Any CPU
		{B6732D24-B141-4FE5-B8B7-BF886B3DC386}.Debug|Any CPU.Build.0 = Debug|Any CPU
		{B6732D24-B141-4FE5-B8B7-BF886B3DC386}.Release|Any CPU.ActiveCfg = Release|Any CPU
		{B6732D24-B141-4FE5-B8B7-BF886B3DC386}.Release|Any CPU.Build.0 = Release|Any CPU
		{50445CF4-073C-4124-88F0-D62770164C25}.Debug|Any CPU.ActiveCfg = Debug|x64
		{50445CF4-073C-4124-88F0-D62770164C25}.Debug|Any CPU.Build.0 = Debug|x64
		{50445CF4-073C-4124-88F0-D62770164C25}.Release|Any CPU.ActiveCfg = Release|x64
		{50445CF4-073C-4124-88F0-D62770164C25}.Release|Any CPU.Build.0 = Release|x64
		{12F45761-9FC9-4EE7-B37D-39DD0DB996A7}.Debug|Any CPU.ActiveCfg = Debug|Any CPU
		{12F45761-9FC9-4EE7-B37D-39DD0DB996A7}.Debug|Any CPU.Build.0 = Debug|Any CPU
		{12F45761-9FC9-4EE7-B37D-39DD0DB996A7}.Release|Any CPU.ActiveCfg = Release|Any CPU
		{12F45761-9FC9-4EE7-B37D-39DD0DB996A7}.Release|Any CPU.Build.0 = Release|Any CPU
		{FCC3E4FF-3600-49E0-A7B1-B4AEFCBE775D}.Debug|Any CPU.ActiveCfg = Debug|Any CPU
		{FCC3E4FF-3600-49E0-A7B1-B4AEFCBE775D}.Debug|Any CPU.Build.0 = Debug|Any CPU
		{FCC3E4FF-3600-49E0-A7B1-B4AEFCBE775D}.Release|Any CPU.ActiveCfg = Release|Any CPU
		{FCC3E4FF-3600-49E0-A7B1-B4AEFCBE775D}.Release|Any CPU.Build.0 = Release|Any CPU
		{22C45898-CBAE-43D0-83A8-9AB921A3E081}.Debug|Any CPU.ActiveCfg = Debug|x64
		{22C45898-CBAE-43D0-83A8-9AB921A3E081}.Debug|Any CPU.Build.0 = Debug|x64
		{22C45898-CBAE-43D0-83A8-9AB921A3E081}.Release|Any CPU.ActiveCfg = Release|x64
		{22C45898-CBAE-43D0-83A8-9AB921A3E081}.Release|Any CPU.Build.0 = Release|x64
	EndGlobalSection
	GlobalSection(SolutionProperties) = preSolution
		HideSolutionNode = FALSE
	EndGlobalSection
	GlobalSection(NestedProjects) = preSolution
		{BD5D230C-9751-4468-A3D4-5B73D0956967} = {3910CC6E-4D5E-42CD-8E2B-77931A5DC30E}
		{46A93EC7-2D54-47AB-AE30-A75F3244A896} = {A7C2733E-8B97-412E-9A06-6C1AD6A25883}
		{A7C2733E-8B97-412E-9A06-6C1AD6A25883} = {3910CC6E-4D5E-42CD-8E2B-77931A5DC30E}
		{3E38B68E-3502-4916-8F07-EDCC8C8125FA} = {A7C2733E-8B97-412E-9A06-6C1AD6A25883}
		{B6732D24-B141-4FE5-B8B7-BF886B3DC386} = {BD5D230C-9751-4468-A3D4-5B73D0956967}
		{FF74CD27-CF9C-4765-813D-020E1E09827E} = {BD5D230C-9751-4468-A3D4-5B73D0956967}
		{9F82CF81-8B3F-4094-BA4D-131BB47613D0} = {FF74CD27-CF9C-4765-813D-020E1E09827E}
		{920AC4EC-76C6-4A4B-B378-5EE88E2FC5EA} = {3910CC6E-4D5E-42CD-8E2B-77931A5DC30E}
		{50445CF4-073C-4124-88F0-D62770164C25} = {920AC4EC-76C6-4A4B-B378-5EE88E2FC5EA}
		{12F45761-9FC9-4EE7-B37D-39DD0DB996A7} = {920AC4EC-76C6-4A4B-B378-5EE88E2FC5EA}
		{48B9A1D0-42C4-46EF-B3CB-7241820DF69D} = {920AC4EC-76C6-4A4B-B378-5EE88E2FC5EA}
		{3FE125E4-9312-428A-A626-1F745B7CA8D2} = {3910CC6E-4D5E-42CD-8E2B-77931A5DC30E}
		{FCC3E4FF-3600-49E0-A7B1-B4AEFCBE775D} = {3FE125E4-9312-428A-A626-1F745B7CA8D2}
		{22C45898-CBAE-43D0-83A8-9AB921A3E081} = {3FE125E4-9312-428A-A626-1F745B7CA8D2}
	EndGlobalSection
	GlobalSection(ExtensibilityGlobals) = postSolution
		SolutionGuid = {D4628360-6C13-42D4-9011-6E43A3A0777C}
	EndGlobalSection
EndGlobal
