
Microsoft Visual Studio Solution File, Format Version 12.00
# Visual Studio 15
VisualStudioVersion = 15.0.27130.2024
MinimumVisualStudioVersion = 10.0.40219.1
Project("{9A19103F-16F7-4668-BE54-9A1E7A4F7556}") = "IL2C", "IL2C\IL2C.csproj", "{2CBC90EC-5581-452F-8231-086E4553D20E}"
EndProject
Project("{2150E333-8FDC-42A3-9474-1A3956D46DE8}") = "Solution Items", "Solution Items", "{D105E6CD-626A-4C04-8AF6-0AA34A4E9CF4}"
	ProjectSection(SolutionItems) = preProject
		.gitignore = .gitignore
		appveyor.yml = appveyor.yml
		circle.yml = circle.yml
		LICENSE = LICENSE
		README.md = README.md
	EndProjectSection
EndProject
Project("{9A19103F-16F7-4668-BE54-9A1E7A4F7556}") = "IL2C.Core", "IL2C.Core\IL2C.Core.csproj", "{678EFB0E-BC0A-4749-AD48-079F98D9468D}"
EndProject
Project("{9A19103F-16F7-4668-BE54-9A1E7A4F7556}") = "IL2C.Core.Tests", "tests\IL2C.Core.Tests\IL2C.Core.Tests.csproj", "{7E7682DE-81E0-40FF-9818-D4B810DE4DA1}"
EndProject
Project("{2150E333-8FDC-42A3-9474-1A3956D46DE8}") = "samples", "samples", "{3910CC6E-4D5E-42CD-8E2B-77931A5DC30E}"
EndProject
Project("{2150E333-8FDC-42A3-9474-1A3956D46DE8}") = "WioLTE", "WioLTE", "{BD5D230C-9751-4468-A3D4-5B73D0956967}"
	ProjectSection(SolutionItems) = preProject
		samples\WioLTE\README.md = samples\WioLTE\README.md
	EndProjectSection
EndProject
Project("{9A19103F-16F7-4668-BE54-9A1E7A4F7556}") = "WioLTE.Code", "samples\WioLTE\WioLTE.Code\WioLTE.Code.csproj", "{B6732D24-B141-4FE5-B8B7-BF886B3DC386}"
	ProjectSection(ProjectDependencies) = postProject
		{2CBC90EC-5581-452F-8231-086E4553D20E} = {2CBC90EC-5581-452F-8231-086E4553D20E}
	EndProjectSection
EndProject
Project("{2150E333-8FDC-42A3-9474-1A3956D46DE8}") = "Arduino", "Arduino", "{FF74CD27-CF9C-4765-813D-020E1E09827E}"
	ProjectSection(SolutionItems) = preProject
		samples\WioLTE\Arduino\main.ino = samples\WioLTE\Arduino\main.ino
	EndProjectSection
EndProject
Project("{2150E333-8FDC-42A3-9474-1A3956D46DE8}") = "il2c", "il2c", "{9F82CF81-8B3F-4094-BA4D-131BB47613D0}"
	ProjectSection(SolutionItems) = preProject
		samples\WioLTE\Arduino\il2c\il2c.cpp = samples\WioLTE\Arduino\il2c\il2c.cpp
		samples\WioLTE\Arduino\il2c\il2c.h = samples\WioLTE\Arduino\il2c\il2c.h
		samples\WioLTE\Arduino\il2c\il2c_test_target.cpp = samples\WioLTE\Arduino\il2c\il2c_test_target.cpp
		samples\WioLTE\Arduino\il2c\il2c_test_target.h = samples\WioLTE\Arduino\il2c\il2c_test_target.h
		samples\WioLTE\Arduino\il2c\WioLTE.h = samples\WioLTE\Arduino\il2c\WioLTE.h
	EndProjectSection
EndProject
Project("{2150E333-8FDC-42A3-9474-1A3956D46DE8}") = "WDM", "WDM", "{920AC4EC-76C6-4A4B-B378-5EE88E2FC5EA}"
EndProject
Project("{8BC9CEB8-8B4A-11D0-8D11-00A0C91BC942}") = "WDM.Target", "samples\WDM\WDM.Target\WDM.Target.vcxproj", "{50445CF4-073C-4124-88F0-D62770164C25}"
	ProjectSection(ProjectDependencies) = postProject
		{12F45761-9FC9-4EE7-B37D-39DD0DB996A7} = {12F45761-9FC9-4EE7-B37D-39DD0DB996A7}
		{2CBC90EC-5581-452F-8231-086E4553D20E} = {2CBC90EC-5581-452F-8231-086E4553D20E}
	EndProjectSection
EndProject
Project("{9A19103F-16F7-4668-BE54-9A1E7A4F7556}") = "WDM.Code", "samples\WDM\WDM.Code\WDM.Code.csproj", "{12F45761-9FC9-4EE7-B37D-39DD0DB996A7}"
	ProjectSection(ProjectDependencies) = postProject
		{2CBC90EC-5581-452F-8231-086E4553D20E} = {2CBC90EC-5581-452F-8231-086E4553D20E}
	EndProjectSection
EndProject
Project("{2150E333-8FDC-42A3-9474-1A3956D46DE8}") = "data", "data", "{48B9A1D0-42C4-46EF-B3CB-7241820DF69D}"
	ProjectSection(SolutionItems) = preProject
		samples\WDM\data\cdimage.iso = samples\WDM\data\cdimage.iso
		samples\WDM\data\testfile1.txt = samples\WDM\data\testfile1.txt
		samples\WDM\data\testfile2.txt = samples\WDM\data\testfile2.txt
		samples\WDM\data\testfile3.txt = samples\WDM\data\testfile3.txt
	EndProjectSection
EndProject
Project("{2150E333-8FDC-42A3-9474-1A3956D46DE8}") = "IL2C.Runtime", "IL2C.Runtime", "{2F592E52-588D-4040-BA83-26CF2EF4CE1E}"
	ProjectSection(SolutionItems) = preProject
		IL2C.Runtime\il2c.c = IL2C.Runtime\il2c.c
		IL2C.Runtime\il2c.h = IL2C.Runtime\il2c.h
	EndProjectSection
EndProject
Project("{2150E333-8FDC-42A3-9474-1A3956D46DE8}") = "tests", "tests", "{D37C7AF6-2527-44CE-919B-E5EECEB3FFE5}"
EndProject
Project("{9A19103F-16F7-4668-BE54-9A1E7A4F7556}") = "IL2C.Tests.Code", "tests\IL2C.Tests.Code\IL2C.Tests.Code.csproj", "{30E0AE13-90E7-451D-96D9-AF60A98FB0A8}"
	ProjectSection(ProjectDependencies) = postProject
		{2CBC90EC-5581-452F-8231-086E4553D20E} = {2CBC90EC-5581-452F-8231-086E4553D20E}
	EndProjectSection
EndProject
Project("{8BC9CEB8-8B4A-11D0-8D11-00A0C91BC942}") = "IL2C.Tests", "tests\IL2C.Tests\IL2C.Tests.vcxproj", "{F29E6569-D5CC-4C6D-A74D-8D0D09B17527}"
	ProjectSection(ProjectDependencies) = postProject
		{30E0AE13-90E7-451D-96D9-AF60A98FB0A8} = {30E0AE13-90E7-451D-96D9-AF60A98FB0A8}
	EndProjectSection
EndProject
Project("{2150E333-8FDC-42A3-9474-1A3956D46DE8}") = "Calculator", "Calculator", "{FC7FF28D-167D-4F21-BCA3-860021F88A5E}"
EndProject
Project("{9A19103F-16F7-4668-BE54-9A1E7A4F7556}") = "Calculator.Code", "samples\Calculator\Calculator.Code\Calculator.Code.csproj", "{5BC8A67C-A85D-4FF0-88EB-36C7CBC78460}"
	ProjectSection(ProjectDependencies) = postProject
		{2CBC90EC-5581-452F-8231-086E4553D20E} = {2CBC90EC-5581-452F-8231-086E4553D20E}
	EndProjectSection
EndProject
Project("{2150E333-8FDC-42A3-9474-1A3956D46DE8}") = "Generated", "Generated", "{2C1FA464-4495-4FA1-A687-193371919716}"
	ProjectSection(SolutionItems) = preProject
		samples\Calculator\Generated\Calculator.Code.c = samples\Calculator\Generated\Calculator.Code.c
		samples\Calculator\Generated\Calculator.Code.h = samples\Calculator\Generated\Calculator.Code.h
	EndProjectSection
EndProject
Project("{8BC9CEB8-8B4A-11D0-8D11-00A0C91BC942}") = "Calculator.Win32", "samples\Calculator\Calculator.Win32\Calculator.Win32.vcxproj", "{4DB1CA14-5035-4848-BCDE-10F0A7DC0F50}"
	ProjectSection(ProjectDependencies) = postProject
		{5BC8A67C-A85D-4FF0-88EB-36C7CBC78460} = {5BC8A67C-A85D-4FF0-88EB-36C7CBC78460}
	EndProjectSection
EndProject
Project("{8BC9CEB8-8B4A-11D0-8D11-00A0C91BC942}") = "Calculator.UEFI", "samples\Calculator\Calculator.UEFI\Calculator.UEFI.vcxproj", "{B4BC66C2-9D98-40BC-BB24-94CA3D0E3DD5}"
	ProjectSection(ProjectDependencies) = postProject
		{5BC8A67C-A85D-4FF0-88EB-36C7CBC78460} = {5BC8A67C-A85D-4FF0-88EB-36C7CBC78460}
	EndProjectSection
EndProject
Project("{9A19103F-16F7-4668-BE54-9A1E7A4F7556}") = "Calculator.Code.Tests", "samples\Calculator\Calculator.Code.Tests\Calculator.Code.Tests.csproj", "{8AA7526E-F258-4D1E-92C7-D637B86BB4D1}"
EndProject
Global
	GlobalSection(SolutionConfigurationPlatforms) = preSolution
		Debug|Any CPU = Debug|Any CPU
		Debug|x64 = Debug|x64
		Release|Any CPU = Release|Any CPU
		Release|x64 = Release|x64
	EndGlobalSection
	GlobalSection(ProjectConfigurationPlatforms) = postSolution
		{2CBC90EC-5581-452F-8231-086E4553D20E}.Debug|Any CPU.ActiveCfg = Debug|Any CPU
		{2CBC90EC-5581-452F-8231-086E4553D20E}.Debug|Any CPU.Build.0 = Debug|Any CPU
		{2CBC90EC-5581-452F-8231-086E4553D20E}.Debug|x64.ActiveCfg = Debug|Any CPU
		{2CBC90EC-5581-452F-8231-086E4553D20E}.Debug|x64.Build.0 = Debug|Any CPU
		{2CBC90EC-5581-452F-8231-086E4553D20E}.Release|Any CPU.ActiveCfg = Release|Any CPU
		{2CBC90EC-5581-452F-8231-086E4553D20E}.Release|Any CPU.Build.0 = Release|Any CPU
		{2CBC90EC-5581-452F-8231-086E4553D20E}.Release|x64.ActiveCfg = Release|Any CPU
		{2CBC90EC-5581-452F-8231-086E4553D20E}.Release|x64.Build.0 = Release|Any CPU
		{678EFB0E-BC0A-4749-AD48-079F98D9468D}.Debug|Any CPU.ActiveCfg = Debug|Any CPU
		{678EFB0E-BC0A-4749-AD48-079F98D9468D}.Debug|Any CPU.Build.0 = Debug|Any CPU
		{678EFB0E-BC0A-4749-AD48-079F98D9468D}.Debug|x64.ActiveCfg = Debug|Any CPU
		{678EFB0E-BC0A-4749-AD48-079F98D9468D}.Debug|x64.Build.0 = Debug|Any CPU
		{678EFB0E-BC0A-4749-AD48-079F98D9468D}.Release|Any CPU.ActiveCfg = Release|Any CPU
		{678EFB0E-BC0A-4749-AD48-079F98D9468D}.Release|Any CPU.Build.0 = Release|Any CPU
		{678EFB0E-BC0A-4749-AD48-079F98D9468D}.Release|x64.ActiveCfg = Release|Any CPU
		{678EFB0E-BC0A-4749-AD48-079F98D9468D}.Release|x64.Build.0 = Release|Any CPU
		{7E7682DE-81E0-40FF-9818-D4B810DE4DA1}.Debug|Any CPU.ActiveCfg = Debug|Any CPU
		{7E7682DE-81E0-40FF-9818-D4B810DE4DA1}.Debug|Any CPU.Build.0 = Debug|Any CPU
		{7E7682DE-81E0-40FF-9818-D4B810DE4DA1}.Debug|x64.ActiveCfg = Debug|Any CPU
		{7E7682DE-81E0-40FF-9818-D4B810DE4DA1}.Debug|x64.Build.0 = Debug|Any CPU
		{7E7682DE-81E0-40FF-9818-D4B810DE4DA1}.Release|Any CPU.ActiveCfg = Release|Any CPU
		{7E7682DE-81E0-40FF-9818-D4B810DE4DA1}.Release|Any CPU.Build.0 = Release|Any CPU
		{7E7682DE-81E0-40FF-9818-D4B810DE4DA1}.Release|x64.ActiveCfg = Release|Any CPU
		{7E7682DE-81E0-40FF-9818-D4B810DE4DA1}.Release|x64.Build.0 = Release|Any CPU
		{B6732D24-B141-4FE5-B8B7-BF886B3DC386}.Debug|Any CPU.ActiveCfg = Debug|Any CPU
		{B6732D24-B141-4FE5-B8B7-BF886B3DC386}.Debug|Any CPU.Build.0 = Debug|Any CPU
		{B6732D24-B141-4FE5-B8B7-BF886B3DC386}.Debug|x64.ActiveCfg = Debug|Any CPU
		{B6732D24-B141-4FE5-B8B7-BF886B3DC386}.Debug|x64.Build.0 = Debug|Any CPU
		{B6732D24-B141-4FE5-B8B7-BF886B3DC386}.Release|Any CPU.ActiveCfg = Release|Any CPU
		{B6732D24-B141-4FE5-B8B7-BF886B3DC386}.Release|Any CPU.Build.0 = Release|Any CPU
		{B6732D24-B141-4FE5-B8B7-BF886B3DC386}.Release|x64.ActiveCfg = Release|Any CPU
		{B6732D24-B141-4FE5-B8B7-BF886B3DC386}.Release|x64.Build.0 = Release|Any CPU
		{50445CF4-073C-4124-88F0-D62770164C25}.Debug|Any CPU.ActiveCfg = Debug|x64
		{50445CF4-073C-4124-88F0-D62770164C25}.Debug|Any CPU.Build.0 = Debug|x64
		{50445CF4-073C-4124-88F0-D62770164C25}.Debug|x64.ActiveCfg = Debug|x64
		{50445CF4-073C-4124-88F0-D62770164C25}.Debug|x64.Build.0 = Debug|x64
		{50445CF4-073C-4124-88F0-D62770164C25}.Debug|x64.Deploy.0 = Debug|x64
		{50445CF4-073C-4124-88F0-D62770164C25}.Release|Any CPU.ActiveCfg = Release|x64
		{50445CF4-073C-4124-88F0-D62770164C25}.Release|Any CPU.Build.0 = Release|x64
		{50445CF4-073C-4124-88F0-D62770164C25}.Release|x64.ActiveCfg = Release|x64
		{50445CF4-073C-4124-88F0-D62770164C25}.Release|x64.Build.0 = Release|x64
		{50445CF4-073C-4124-88F0-D62770164C25}.Release|x64.Deploy.0 = Release|x64
		{12F45761-9FC9-4EE7-B37D-39DD0DB996A7}.Debug|Any CPU.ActiveCfg = Debug|Any CPU
		{12F45761-9FC9-4EE7-B37D-39DD0DB996A7}.Debug|Any CPU.Build.0 = Debug|Any CPU
		{12F45761-9FC9-4EE7-B37D-39DD0DB996A7}.Debug|x64.ActiveCfg = Debug|Any CPU
		{12F45761-9FC9-4EE7-B37D-39DD0DB996A7}.Debug|x64.Build.0 = Debug|Any CPU
		{12F45761-9FC9-4EE7-B37D-39DD0DB996A7}.Release|Any CPU.ActiveCfg = Release|Any CPU
		{12F45761-9FC9-4EE7-B37D-39DD0DB996A7}.Release|Any CPU.Build.0 = Release|Any CPU
		{12F45761-9FC9-4EE7-B37D-39DD0DB996A7}.Release|x64.ActiveCfg = Release|Any CPU
		{12F45761-9FC9-4EE7-B37D-39DD0DB996A7}.Release|x64.Build.0 = Release|Any CPU
		{30E0AE13-90E7-451D-96D9-AF60A98FB0A8}.Debug|Any CPU.ActiveCfg = Debug|Any CPU
		{30E0AE13-90E7-451D-96D9-AF60A98FB0A8}.Debug|Any CPU.Build.0 = Debug|Any CPU
		{30E0AE13-90E7-451D-96D9-AF60A98FB0A8}.Debug|x64.ActiveCfg = Debug|Any CPU
		{30E0AE13-90E7-451D-96D9-AF60A98FB0A8}.Debug|x64.Build.0 = Debug|Any CPU
		{30E0AE13-90E7-451D-96D9-AF60A98FB0A8}.Release|Any CPU.ActiveCfg = Release|Any CPU
		{30E0AE13-90E7-451D-96D9-AF60A98FB0A8}.Release|Any CPU.Build.0 = Release|Any CPU
		{30E0AE13-90E7-451D-96D9-AF60A98FB0A8}.Release|x64.ActiveCfg = Release|Any CPU
		{30E0AE13-90E7-451D-96D9-AF60A98FB0A8}.Release|x64.Build.0 = Release|Any CPU
		{F29E6569-D5CC-4C6D-A74D-8D0D09B17527}.Debug|Any CPU.ActiveCfg = Debug|x64
		{F29E6569-D5CC-4C6D-A74D-8D0D09B17527}.Debug|Any CPU.Build.0 = Debug|x64
		{F29E6569-D5CC-4C6D-A74D-8D0D09B17527}.Debug|x64.ActiveCfg = Debug|x64
		{F29E6569-D5CC-4C6D-A74D-8D0D09B17527}.Debug|x64.Build.0 = Debug|x64
		{F29E6569-D5CC-4C6D-A74D-8D0D09B17527}.Release|Any CPU.ActiveCfg = Release|x64
		{F29E6569-D5CC-4C6D-A74D-8D0D09B17527}.Release|Any CPU.Build.0 = Release|x64
		{F29E6569-D5CC-4C6D-A74D-8D0D09B17527}.Release|x64.ActiveCfg = Release|x64
		{F29E6569-D5CC-4C6D-A74D-8D0D09B17527}.Release|x64.Build.0 = Release|x64
		{5BC8A67C-A85D-4FF0-88EB-36C7CBC78460}.Debug|Any CPU.ActiveCfg = Debug|Any CPU
		{5BC8A67C-A85D-4FF0-88EB-36C7CBC78460}.Debug|Any CPU.Build.0 = Debug|Any CPU
		{5BC8A67C-A85D-4FF0-88EB-36C7CBC78460}.Debug|x64.ActiveCfg = Debug|Any CPU
		{5BC8A67C-A85D-4FF0-88EB-36C7CBC78460}.Debug|x64.Build.0 = Debug|Any CPU
		{5BC8A67C-A85D-4FF0-88EB-36C7CBC78460}.Release|Any CPU.ActiveCfg = Release|Any CPU
		{5BC8A67C-A85D-4FF0-88EB-36C7CBC78460}.Release|Any CPU.Build.0 = Release|Any CPU
		{5BC8A67C-A85D-4FF0-88EB-36C7CBC78460}.Release|x64.ActiveCfg = Release|Any CPU
		{5BC8A67C-A85D-4FF0-88EB-36C7CBC78460}.Release|x64.Build.0 = Release|Any CPU
		{4DB1CA14-5035-4848-BCDE-10F0A7DC0F50}.Debug|Any CPU.ActiveCfg = Debug|x64
		{4DB1CA14-5035-4848-BCDE-10F0A7DC0F50}.Debug|Any CPU.Build.0 = Debug|x64
		{4DB1CA14-5035-4848-BCDE-10F0A7DC0F50}.Debug|x64.ActiveCfg = Debug|x64
		{4DB1CA14-5035-4848-BCDE-10F0A7DC0F50}.Debug|x64.Build.0 = Debug|x64
		{4DB1CA14-5035-4848-BCDE-10F0A7DC0F50}.Release|Any CPU.ActiveCfg = Release|x64
		{4DB1CA14-5035-4848-BCDE-10F0A7DC0F50}.Release|Any CPU.Build.0 = Release|x64
		{4DB1CA14-5035-4848-BCDE-10F0A7DC0F50}.Release|x64.ActiveCfg = Release|x64
		{4DB1CA14-5035-4848-BCDE-10F0A7DC0F50}.Release|x64.Build.0 = Release|x64
		{B4BC66C2-9D98-40BC-BB24-94CA3D0E3DD5}.Debug|Any CPU.ActiveCfg = Debug|x64
		{B4BC66C2-9D98-40BC-BB24-94CA3D0E3DD5}.Debug|Any CPU.Build.0 = Debug|x64
		{B4BC66C2-9D98-40BC-BB24-94CA3D0E3DD5}.Debug|x64.ActiveCfg = Debug|x64
		{B4BC66C2-9D98-40BC-BB24-94CA3D0E3DD5}.Debug|x64.Build.0 = Debug|x64
		{B4BC66C2-9D98-40BC-BB24-94CA3D0E3DD5}.Release|Any CPU.ActiveCfg = Release|x64
		{B4BC66C2-9D98-40BC-BB24-94CA3D0E3DD5}.Release|Any CPU.Build.0 = Release|x64
		{B4BC66C2-9D98-40BC-BB24-94CA3D0E3DD5}.Release|x64.ActiveCfg = Release|x64
		{B4BC66C2-9D98-40BC-BB24-94CA3D0E3DD5}.Release|x64.Build.0 = Release|x64
		{8AA7526E-F258-4D1E-92C7-D637B86BB4D1}.Debug|Any CPU.ActiveCfg = Debug|Any CPU
		{8AA7526E-F258-4D1E-92C7-D637B86BB4D1}.Debug|Any CPU.Build.0 = Debug|Any CPU
		{8AA7526E-F258-4D1E-92C7-D637B86BB4D1}.Debug|x64.ActiveCfg = Debug|Any CPU
		{8AA7526E-F258-4D1E-92C7-D637B86BB4D1}.Debug|x64.Build.0 = Debug|Any CPU
		{8AA7526E-F258-4D1E-92C7-D637B86BB4D1}.Release|Any CPU.ActiveCfg = Release|Any CPU
		{8AA7526E-F258-4D1E-92C7-D637B86BB4D1}.Release|Any CPU.Build.0 = Release|Any CPU
		{8AA7526E-F258-4D1E-92C7-D637B86BB4D1}.Release|x64.ActiveCfg = Release|Any CPU
		{8AA7526E-F258-4D1E-92C7-D637B86BB4D1}.Release|x64.Build.0 = Release|Any CPU
	EndGlobalSection
	GlobalSection(SolutionProperties) = preSolution
		HideSolutionNode = FALSE
	EndGlobalSection
	GlobalSection(NestedProjects) = preSolution
		{7E7682DE-81E0-40FF-9818-D4B810DE4DA1} = {D37C7AF6-2527-44CE-919B-E5EECEB3FFE5}
		{BD5D230C-9751-4468-A3D4-5B73D0956967} = {3910CC6E-4D5E-42CD-8E2B-77931A5DC30E}
		{B6732D24-B141-4FE5-B8B7-BF886B3DC386} = {BD5D230C-9751-4468-A3D4-5B73D0956967}
		{FF74CD27-CF9C-4765-813D-020E1E09827E} = {BD5D230C-9751-4468-A3D4-5B73D0956967}
		{9F82CF81-8B3F-4094-BA4D-131BB47613D0} = {FF74CD27-CF9C-4765-813D-020E1E09827E}
		{920AC4EC-76C6-4A4B-B378-5EE88E2FC5EA} = {3910CC6E-4D5E-42CD-8E2B-77931A5DC30E}
		{50445CF4-073C-4124-88F0-D62770164C25} = {920AC4EC-76C6-4A4B-B378-5EE88E2FC5EA}
		{12F45761-9FC9-4EE7-B37D-39DD0DB996A7} = {920AC4EC-76C6-4A4B-B378-5EE88E2FC5EA}
		{48B9A1D0-42C4-46EF-B3CB-7241820DF69D} = {920AC4EC-76C6-4A4B-B378-5EE88E2FC5EA}
		{30E0AE13-90E7-451D-96D9-AF60A98FB0A8} = {D37C7AF6-2527-44CE-919B-E5EECEB3FFE5}
		{F29E6569-D5CC-4C6D-A74D-8D0D09B17527} = {D37C7AF6-2527-44CE-919B-E5EECEB3FFE5}
		{FC7FF28D-167D-4F21-BCA3-860021F88A5E} = {3910CC6E-4D5E-42CD-8E2B-77931A5DC30E}
		{5BC8A67C-A85D-4FF0-88EB-36C7CBC78460} = {FC7FF28D-167D-4F21-BCA3-860021F88A5E}
		{2C1FA464-4495-4FA1-A687-193371919716} = {FC7FF28D-167D-4F21-BCA3-860021F88A5E}
		{4DB1CA14-5035-4848-BCDE-10F0A7DC0F50} = {FC7FF28D-167D-4F21-BCA3-860021F88A5E}
		{B4BC66C2-9D98-40BC-BB24-94CA3D0E3DD5} = {FC7FF28D-167D-4F21-BCA3-860021F88A5E}
		{8AA7526E-F258-4D1E-92C7-D637B86BB4D1} = {FC7FF28D-167D-4F21-BCA3-860021F88A5E}
	EndGlobalSection
	GlobalSection(ExtensibilityGlobals) = postSolution
		SolutionGuid = {D4628360-6C13-42D4-9011-6E43A3A0777C}
	EndGlobalSection
EndGlobal
