
Microsoft Visual Studio Solution File, Format Version 12.00
# Visual Studio 15
VisualStudioVersion = 15.0.27130.2036
MinimumVisualStudioVersion = 10.0.40219.1
Project("{9A19103F-16F7-4668-BE54-9A1E7A4F7556}") = "IL2C", "IL2C\IL2C.csproj", "{2CBC90EC-5581-452F-8231-086E4553D20E}"
EndProject
Project("{2150E333-8FDC-42A3-9474-1A3956D46DE8}") = "Solution Items", "Solution Items", "{D105E6CD-626A-4C04-8AF6-0AA34A4E9CF4}"
	ProjectSection(SolutionItems) = preProject
		.gitignore = .gitignore
		appveyor.yml = appveyor.yml
		circle.yml = circle.yml
		LICENSE = LICENSE
		pack.bat = pack.bat
		pack.sh = pack.sh
		README.md = README.md
	EndProjectSection
EndProject
Project("{9A19103F-16F7-4668-BE54-9A1E7A4F7556}") = "IL2C.Core", "IL2C.Core\IL2C.Core.csproj", "{678EFB0E-BC0A-4749-AD48-079F98D9468D}"
EndProject
Project("{9A19103F-16F7-4668-BE54-9A1E7A4F7556}") = "IL2C.Core.Tests", "tests\IL2C.Core.Tests\IL2C.Core.Tests.csproj", "{7E7682DE-81E0-40FF-9818-D4B810DE4DA1}"
EndProject
Project("{2150E333-8FDC-42A3-9474-1A3956D46DE8}") = "IL2C.Runtime", "IL2C.Runtime", "{BF8CA524-D1CA-42C0-AD51-905A828BE4FC}"
	ProjectSection(SolutionItems) = preProject
		IL2C.Runtime\il2c.c = IL2C.Runtime\il2c.c
		IL2C.Runtime\il2c.h = IL2C.Runtime\il2c.h
	EndProjectSection
EndProject
Project("{2150E333-8FDC-42A3-9474-1A3956D46DE8}") = "tests", "tests", "{5710A57F-57F8-4D50-8C78-82E2DFDCB613}"
EndProject
Project("{9A19103F-16F7-4668-BE54-9A1E7A4F7556}") = "IL2C.Tasks", "IL2C.Tasks\IL2C.Tasks.csproj", "{A1D40B7C-2F51-43E3-9201-EA8DFFE3B214}"
EndProject
Project("{2150E333-8FDC-42A3-9474-1A3956D46DE8}") = "gcc", "gcc", "{808A625C-5258-441C-8BAB-D9B523B3C44B}"
	ProjectSection(SolutionItems) = preProject
		gcc\.gitignore = gcc\.gitignore
		gcc\fetch-gcc.bat = gcc\fetch-gcc.bat
		gcc\tar.exe = gcc\tar.exe
		gcc\test.c = gcc\test.c
	EndProjectSection
EndProject
Global
	GlobalSection(SolutionConfigurationPlatforms) = preSolution
		Debug|Any CPU = Debug|Any CPU
		Debug|ARM = Debug|ARM
		Debug|ARM64 = Debug|ARM64
		Debug|x64 = Debug|x64
		Debug|x86 = Debug|x86
		Release|Any CPU = Release|Any CPU
		Release|ARM = Release|ARM
		Release|ARM64 = Release|ARM64
		Release|x64 = Release|x64
		Release|x86 = Release|x86
	EndGlobalSection
	GlobalSection(ProjectConfigurationPlatforms) = postSolution
		{2CBC90EC-5581-452F-8231-086E4553D20E}.Debug|Any CPU.ActiveCfg = Debug|Any CPU
		{2CBC90EC-5581-452F-8231-086E4553D20E}.Debug|Any CPU.Build.0 = Debug|Any CPU
		{2CBC90EC-5581-452F-8231-086E4553D20E}.Debug|ARM.ActiveCfg = Debug|Any CPU
		{2CBC90EC-5581-452F-8231-086E4553D20E}.Debug|ARM.Build.0 = Debug|Any CPU
		{2CBC90EC-5581-452F-8231-086E4553D20E}.Debug|ARM64.ActiveCfg = Debug|Any CPU
		{2CBC90EC-5581-452F-8231-086E4553D20E}.Debug|ARM64.Build.0 = Debug|Any CPU
		{2CBC90EC-5581-452F-8231-086E4553D20E}.Debug|x64.ActiveCfg = Debug|Any CPU
		{2CBC90EC-5581-452F-8231-086E4553D20E}.Debug|x64.Build.0 = Debug|Any CPU
		{2CBC90EC-5581-452F-8231-086E4553D20E}.Debug|x86.ActiveCfg = Debug|Any CPU
		{2CBC90EC-5581-452F-8231-086E4553D20E}.Debug|x86.Build.0 = Debug|Any CPU
		{2CBC90EC-5581-452F-8231-086E4553D20E}.Release|Any CPU.ActiveCfg = Release|Any CPU
		{2CBC90EC-5581-452F-8231-086E4553D20E}.Release|Any CPU.Build.0 = Release|Any CPU
		{2CBC90EC-5581-452F-8231-086E4553D20E}.Release|ARM.ActiveCfg = Release|Any CPU
		{2CBC90EC-5581-452F-8231-086E4553D20E}.Release|ARM.Build.0 = Release|Any CPU
		{2CBC90EC-5581-452F-8231-086E4553D20E}.Release|ARM64.ActiveCfg = Release|Any CPU
		{2CBC90EC-5581-452F-8231-086E4553D20E}.Release|ARM64.Build.0 = Release|Any CPU
		{2CBC90EC-5581-452F-8231-086E4553D20E}.Release|x64.ActiveCfg = Release|Any CPU
		{2CBC90EC-5581-452F-8231-086E4553D20E}.Release|x64.Build.0 = Release|Any CPU
		{2CBC90EC-5581-452F-8231-086E4553D20E}.Release|x86.ActiveCfg = Release|Any CPU
		{2CBC90EC-5581-452F-8231-086E4553D20E}.Release|x86.Build.0 = Release|Any CPU
		{678EFB0E-BC0A-4749-AD48-079F98D9468D}.Debug|Any CPU.ActiveCfg = Debug|Any CPU
		{678EFB0E-BC0A-4749-AD48-079F98D9468D}.Debug|Any CPU.Build.0 = Debug|Any CPU
		{678EFB0E-BC0A-4749-AD48-079F98D9468D}.Debug|ARM.ActiveCfg = Debug|Any CPU
		{678EFB0E-BC0A-4749-AD48-079F98D9468D}.Debug|ARM.Build.0 = Debug|Any CPU
		{678EFB0E-BC0A-4749-AD48-079F98D9468D}.Debug|ARM64.ActiveCfg = Debug|Any CPU
		{678EFB0E-BC0A-4749-AD48-079F98D9468D}.Debug|ARM64.Build.0 = Debug|Any CPU
		{678EFB0E-BC0A-4749-AD48-079F98D9468D}.Debug|x64.ActiveCfg = Debug|Any CPU
		{678EFB0E-BC0A-4749-AD48-079F98D9468D}.Debug|x64.Build.0 = Debug|Any CPU
		{678EFB0E-BC0A-4749-AD48-079F98D9468D}.Debug|x86.ActiveCfg = Debug|Any CPU
		{678EFB0E-BC0A-4749-AD48-079F98D9468D}.Debug|x86.Build.0 = Debug|Any CPU
		{678EFB0E-BC0A-4749-AD48-079F98D9468D}.Release|Any CPU.ActiveCfg = Release|Any CPU
		{678EFB0E-BC0A-4749-AD48-079F98D9468D}.Release|Any CPU.Build.0 = Release|Any CPU
		{678EFB0E-BC0A-4749-AD48-079F98D9468D}.Release|ARM.ActiveCfg = Release|Any CPU
		{678EFB0E-BC0A-4749-AD48-079F98D9468D}.Release|ARM.Build.0 = Release|Any CPU
		{678EFB0E-BC0A-4749-AD48-079F98D9468D}.Release|ARM64.ActiveCfg = Release|Any CPU
		{678EFB0E-BC0A-4749-AD48-079F98D9468D}.Release|ARM64.Build.0 = Release|Any CPU
		{678EFB0E-BC0A-4749-AD48-079F98D9468D}.Release|x64.ActiveCfg = Release|Any CPU
		{678EFB0E-BC0A-4749-AD48-079F98D9468D}.Release|x64.Build.0 = Release|Any CPU
		{678EFB0E-BC0A-4749-AD48-079F98D9468D}.Release|x86.ActiveCfg = Release|Any CPU
		{678EFB0E-BC0A-4749-AD48-079F98D9468D}.Release|x86.Build.0 = Release|Any CPU
		{7E7682DE-81E0-40FF-9818-D4B810DE4DA1}.Debug|Any CPU.ActiveCfg = Debug|Any CPU
		{7E7682DE-81E0-40FF-9818-D4B810DE4DA1}.Debug|Any CPU.Build.0 = Debug|Any CPU
		{7E7682DE-81E0-40FF-9818-D4B810DE4DA1}.Debug|ARM.ActiveCfg = Debug|Any CPU
		{7E7682DE-81E0-40FF-9818-D4B810DE4DA1}.Debug|ARM.Build.0 = Debug|Any CPU
		{7E7682DE-81E0-40FF-9818-D4B810DE4DA1}.Debug|ARM64.ActiveCfg = Debug|Any CPU
		{7E7682DE-81E0-40FF-9818-D4B810DE4DA1}.Debug|ARM64.Build.0 = Debug|Any CPU
		{7E7682DE-81E0-40FF-9818-D4B810DE4DA1}.Debug|x64.ActiveCfg = Debug|Any CPU
		{7E7682DE-81E0-40FF-9818-D4B810DE4DA1}.Debug|x64.Build.0 = Debug|Any CPU
		{7E7682DE-81E0-40FF-9818-D4B810DE4DA1}.Debug|x86.ActiveCfg = Debug|Any CPU
		{7E7682DE-81E0-40FF-9818-D4B810DE4DA1}.Debug|x86.Build.0 = Debug|Any CPU
		{7E7682DE-81E0-40FF-9818-D4B810DE4DA1}.Release|Any CPU.ActiveCfg = Release|Any CPU
		{7E7682DE-81E0-40FF-9818-D4B810DE4DA1}.Release|Any CPU.Build.0 = Release|Any CPU
		{7E7682DE-81E0-40FF-9818-D4B810DE4DA1}.Release|ARM.ActiveCfg = Release|Any CPU
		{7E7682DE-81E0-40FF-9818-D4B810DE4DA1}.Release|ARM.Build.0 = Release|Any CPU
		{7E7682DE-81E0-40FF-9818-D4B810DE4DA1}.Release|ARM64.ActiveCfg = Release|Any CPU
		{7E7682DE-81E0-40FF-9818-D4B810DE4DA1}.Release|ARM64.Build.0 = Release|Any CPU
		{7E7682DE-81E0-40FF-9818-D4B810DE4DA1}.Release|x64.ActiveCfg = Release|Any CPU
		{7E7682DE-81E0-40FF-9818-D4B810DE4DA1}.Release|x64.Build.0 = Release|Any CPU
		{7E7682DE-81E0-40FF-9818-D4B810DE4DA1}.Release|x86.ActiveCfg = Release|Any CPU
		{7E7682DE-81E0-40FF-9818-D4B810DE4DA1}.Release|x86.Build.0 = Release|Any CPU
		{A1D40B7C-2F51-43E3-9201-EA8DFFE3B214}.Debug|Any CPU.ActiveCfg = Debug|Any CPU
		{A1D40B7C-2F51-43E3-9201-EA8DFFE3B214}.Debug|Any CPU.Build.0 = Debug|Any CPU
		{A1D40B7C-2F51-43E3-9201-EA8DFFE3B214}.Debug|ARM.ActiveCfg = Debug|Any CPU
		{A1D40B7C-2F51-43E3-9201-EA8DFFE3B214}.Debug|ARM.Build.0 = Debug|Any CPU
		{A1D40B7C-2F51-43E3-9201-EA8DFFE3B214}.Debug|ARM64.ActiveCfg = Debug|Any CPU
		{A1D40B7C-2F51-43E3-9201-EA8DFFE3B214}.Debug|ARM64.Build.0 = Debug|Any CPU
		{A1D40B7C-2F51-43E3-9201-EA8DFFE3B214}.Debug|x64.ActiveCfg = Debug|Any CPU
		{A1D40B7C-2F51-43E3-9201-EA8DFFE3B214}.Debug|x64.Build.0 = Debug|Any CPU
		{A1D40B7C-2F51-43E3-9201-EA8DFFE3B214}.Debug|x86.ActiveCfg = Debug|Any CPU
		{A1D40B7C-2F51-43E3-9201-EA8DFFE3B214}.Debug|x86.Build.0 = Debug|Any CPU
		{A1D40B7C-2F51-43E3-9201-EA8DFFE3B214}.Release|Any CPU.ActiveCfg = Release|Any CPU
		{A1D40B7C-2F51-43E3-9201-EA8DFFE3B214}.Release|Any CPU.Build.0 = Release|Any CPU
		{A1D40B7C-2F51-43E3-9201-EA8DFFE3B214}.Release|ARM.ActiveCfg = Release|Any CPU
		{A1D40B7C-2F51-43E3-9201-EA8DFFE3B214}.Release|ARM.Build.0 = Release|Any CPU
		{A1D40B7C-2F51-43E3-9201-EA8DFFE3B214}.Release|ARM64.ActiveCfg = Release|Any CPU
		{A1D40B7C-2F51-43E3-9201-EA8DFFE3B214}.Release|ARM64.Build.0 = Release|Any CPU
		{A1D40B7C-2F51-43E3-9201-EA8DFFE3B214}.Release|x64.ActiveCfg = Release|Any CPU
		{A1D40B7C-2F51-43E3-9201-EA8DFFE3B214}.Release|x64.Build.0 = Release|Any CPU
		{A1D40B7C-2F51-43E3-9201-EA8DFFE3B214}.Release|x86.ActiveCfg = Release|Any CPU
		{A1D40B7C-2F51-43E3-9201-EA8DFFE3B214}.Release|x86.Build.0 = Release|Any CPU
	EndGlobalSection
	GlobalSection(SolutionProperties) = preSolution
		HideSolutionNode = FALSE
	EndGlobalSection
	GlobalSection(NestedProjects) = preSolution
		{7E7682DE-81E0-40FF-9818-D4B810DE4DA1} = {5710A57F-57F8-4D50-8C78-82E2DFDCB613}
	EndGlobalSection
	GlobalSection(ExtensibilityGlobals) = postSolution
		SolutionGuid = {D4628360-6C13-42D4-9011-6E43A3A0777C}
	EndGlobalSection
EndGlobal
