Microsoft Visual Studio Solution File, Format Version 12.00
# Visual Studio Version 17
VisualStudioVersion = 17.1.32414.318
MinimumVisualStudioVersion = 10.0.40219.1
Project("{9A19103F-16F7-4668-BE54-9A1E7A4F7556}") = "IL2C.Build", "src\IL2C.Build\IL2C.Build.csproj", "{2CBC90EC-5581-452F-8231-086E4553D20E}"
EndProject
Project("{2150E333-8FDC-42A3-9474-1A3956D46DE8}") = "Solution Items", "Solution Items", "{D105E6CD-626A-4C04-8AF6-0AA34A4E9CF4}"
	ProjectSection(SolutionItems) = preProject
		.gitattributes = .gitattributes
		.gitignore = .gitignore
		build-runtime.bat = build-runtime.bat
		build-runtime.sh = build-runtime.sh
		Directory.Build.props = Directory.Build.props
		src\Directory.Build.props = src\Directory.Build.props
		il2c.sln.licenseheader = il2c.sln.licenseheader
		init-tools.bat = init-tools.bat
		init-tools.sh = init-tools.sh
		LICENSE = LICENSE
		NuGet.config = NuGet.config
		pack.bat = pack.bat
		pack.sh = pack.sh
		README.md = README.md
	EndProjectSection
EndProject
Project("{9A19103F-16F7-4668-BE54-9A1E7A4F7556}") = "IL2C.Core", "src\IL2C.Core\IL2C.Core.csproj", "{678EFB0E-BC0A-4749-AD48-079F98D9468D}"
EndProject
Project("{2150E333-8FDC-42A3-9474-1A3956D46DE8}") = "tests", "tests", "{5710A57F-57F8-4D50-8C78-82E2DFDCB613}"
	ProjectSection(SolutionItems) = preProject
		tests\Directory.Build.props = tests\Directory.Build.props
	EndProjectSection
EndProject
Project("{9A19103F-16F7-4668-BE54-9A1E7A4F7556}") = "IL2C.Interop", "src\IL2C.Interop\IL2C.Interop.csproj", "{854E1ABE-0873-4BDC-8ABF-7F9506DD66DB}"
EndProject
Project("{2150E333-8FDC-42A3-9474-1A3956D46DE8}") = "docs", "docs", "{3EBFA913-CF51-4A28-9E4D-73CB5AE27D2F}"
	ProjectSection(SolutionItems) = preProject
		docs\getting-started.md = docs\getting-started.md
		docs\inside-il2c.md = docs\inside-il2c.md
		docs\sample-translation-results.md = docs\sample-translation-results.md
		docs\supported-basic-types.md = docs\supported-basic-types.md
		docs\supported-opcodes.md = docs\supported-opcodes.md
		docs\supported-runtime-system-features.md = docs\supported-runtime-system-features.md
	EndProjectSection
EndProject
Project("{9A19103F-16F7-4668-BE54-9A1E7A4F7556}") = "IL2C.Core.Test.BasicTypes", "tests\IL2C.Core.Test.BasicTypes\IL2C.Core.Test.BasicTypes.csproj", "{A6072CD1-A526-45F2-BB88-D1040AC3A7E8}"
	ProjectSection(ProjectDependencies) = postProject
		{BB7FA204-433A-416B-B9D0-9A79DF874284} = {BB7FA204-433A-416B-B9D0-9A79DF874284}
		{2CBC90EC-5581-452F-8231-086E4553D20E} = {2CBC90EC-5581-452F-8231-086E4553D20E}
	EndProjectSection
EndProject
Project("{9A19103F-16F7-4668-BE54-9A1E7A4F7556}") = "IL2C.Core.Test.ILConverters", "tests\IL2C.Core.Test.ILConverters\IL2C.Core.Test.ILConverters.csproj", "{DC306000-300C-4E65-826C-2E41C6445CA9}"
	ProjectSection(ProjectDependencies) = postProject
		{BB7FA204-433A-416B-B9D0-9A79DF874284} = {BB7FA204-433A-416B-B9D0-9A79DF874284}
		{2CBC90EC-5581-452F-8231-086E4553D20E} = {2CBC90EC-5581-452F-8231-086E4553D20E}
	EndProjectSection
EndProject
Project("{9A19103F-16F7-4668-BE54-9A1E7A4F7556}") = "IL2C.Core.Test.RuntimeSystems", "tests\IL2C.Core.Test.RuntimeSystems\IL2C.Core.Test.RuntimeSystems.csproj", "{E397A251-4373-4A8E-AA13-3891282DEDC7}"
	ProjectSection(ProjectDependencies) = postProject
		{BB7FA204-433A-416B-B9D0-9A79DF874284} = {BB7FA204-433A-416B-B9D0-9A79DF874284}
		{2CBC90EC-5581-452F-8231-086E4553D20E} = {2CBC90EC-5581-452F-8231-086E4553D20E}
	EndProjectSection
EndProject
Project("{2150E333-8FDC-42A3-9474-1A3956D46DE8}") = ".github", ".github", "{C26C4683-9840-4307-8774-F1F952E3591B}"
EndProject
Project("{2150E333-8FDC-42A3-9474-1A3956D46DE8}") = "workflows", "workflows", "{21592C48-BEE1-4706-8024-CF7EB0CF8BA7}"
	ProjectSection(SolutionItems) = preProject
		.github\workflows\build-linux.yaml = .github\workflows\build-linux.yaml
		.github\workflows\build-windows.yaml = .github\workflows\build-windows.yaml
		.github\workflows\init-tools-on-ga.sh = .github\workflows\init-tools-on-ga.sh
	EndProjectSection
EndProject
Project("{2150E333-8FDC-42A3-9474-1A3956D46DE8}") = "misc", "misc", "{4BC9EFBC-600E-48BF-ADDC-3E573D8315F0}"
	ProjectSection(SolutionItems) = preProject
		misc\build-tools-pack.bat = misc\build-tools-pack.bat
		misc\Directory.Build.props = misc\Directory.Build.props
	EndProjectSection
EndProject
Project("{9A19103F-16F7-4668-BE54-9A1E7A4F7556}") = "ArtifactCollector", "misc\ArtifactCollector\ArtifactCollector.csproj", "{C5D17DC3-D27B-4812-8916-49912F82DE0F}"
EndProject
Project("{2150E333-8FDC-42A3-9474-1A3956D46DE8}") = "PlayGround", "PlayGround", "{EA30816B-8F8B-4584-9D74-103470BB6C76}"
EndProject
Project("{9A19103F-16F7-4668-BE54-9A1E7A4F7556}") = "IL2C.Toolchain.gcc4.mingw32", "misc\IL2C.Toolchain.gcc4.mingw32\IL2C.Toolchain.gcc4.mingw32.csproj", "{BB7FA204-433A-416B-B9D0-9A79DF874284}"
EndProject
Project("{9A19103F-16F7-4668-BE54-9A1E7A4F7556}") = "Calculator", "src\PlayGround\Calculator\Calculator.csproj", "{9DFD09E3-FEEE-4865-9743-457A676925C1}"
	ProjectSection(ProjectDependencies) = postProject
		{BB7FA204-433A-416B-B9D0-9A79DF874284} = {BB7FA204-433A-416B-B9D0-9A79DF874284}
		{2CBC90EC-5581-452F-8231-086E4553D20E} = {2CBC90EC-5581-452F-8231-086E4553D20E}
	EndProjectSection
EndProject
Project("{9A19103F-16F7-4668-BE54-9A1E7A4F7556}") = "Calculator.Core", "src\PlayGround\Calculator.Core\Calculator.Core.csproj", "{38BA79E6-9BCD-4C1A-821B-F930249ACE6C}"
	ProjectSection(ProjectDependencies) = postProject
		{BB7FA204-433A-416B-B9D0-9A79DF874284} = {BB7FA204-433A-416B-B9D0-9A79DF874284}
		{2CBC90EC-5581-452F-8231-086E4553D20E} = {2CBC90EC-5581-452F-8231-086E4553D20E}
	EndProjectSection
EndProject
Project("{9A19103F-16F7-4668-BE54-9A1E7A4F7556}") = "HelloWorld", "src\PlayGround\HelloWorld\HelloWorld.csproj", "{6574A947-589C-413D-A866-D312F9CB7DE9}"
	ProjectSection(ProjectDependencies) = postProject
		{BB7FA204-433A-416B-B9D0-9A79DF874284} = {BB7FA204-433A-416B-B9D0-9A79DF874284}
		{2CBC90EC-5581-452F-8231-086E4553D20E} = {2CBC90EC-5581-452F-8231-086E4553D20E}
	EndProjectSection
EndProject
Project("{9A19103F-16F7-4668-BE54-9A1E7A4F7556}") = "ShowMessageBoxOnWindows", "src\PlayGround\ShowMessageBoxOnWindows\ShowMessageBoxOnWindows.csproj", "{E7653827-67EF-4561-9809-AB52EA3496E0}"
	ProjectSection(ProjectDependencies) = postProject
		{BB7FA204-433A-416B-B9D0-9A79DF874284} = {BB7FA204-433A-416B-B9D0-9A79DF874284}
		{2CBC90EC-5581-452F-8231-086E4553D20E} = {2CBC90EC-5581-452F-8231-086E4553D20E}
	EndProjectSection
EndProject
Project("{9A19103F-16F7-4668-BE54-9A1E7A4F7556}") = "TakeAdvantageWithIL2CInvoke", "src\PlayGround\TakeAdvantageWithIL2CInvoke\TakeAdvantageWithIL2CInvoke.csproj", "{1DCAA734-9274-41FF-A660-2D7B281EF680}"
	ProjectSection(ProjectDependencies) = postProject
		{BB7FA204-433A-416B-B9D0-9A79DF874284} = {BB7FA204-433A-416B-B9D0-9A79DF874284}
		{2CBC90EC-5581-452F-8231-086E4553D20E} = {2CBC90EC-5581-452F-8231-086E4553D20E}
	EndProjectSection
EndProject
Project("{9A19103F-16F7-4668-BE54-9A1E7A4F7556}") = "IL2C.Runtime", "src\IL2C.Runtime\IL2C.Runtime.csproj", "{364269CA-155A-470E-ABC4-CAC175D927F2}"
EndProject
Global
	GlobalSection(SolutionConfigurationPlatforms) = preSolution
		Debug|Any CPU = Debug|Any CPU
		Release|Any CPU = Release|Any CPU
	EndGlobalSection
	GlobalSection(ProjectConfigurationPlatforms) = postSolution
		{2CBC90EC-5581-452F-8231-086E4553D20E}.Debug|Any CPU.ActiveCfg = Debug|Any CPU
		{2CBC90EC-5581-452F-8231-086E4553D20E}.Debug|Any CPU.Build.0 = Debug|Any CPU
		{2CBC90EC-5581-452F-8231-086E4553D20E}.Release|Any CPU.ActiveCfg = Release|Any CPU
		{2CBC90EC-5581-452F-8231-086E4553D20E}.Release|Any CPU.Build.0 = Release|Any CPU
		{678EFB0E-BC0A-4749-AD48-079F98D9468D}.Debug|Any CPU.ActiveCfg = Debug|Any CPU
		{678EFB0E-BC0A-4749-AD48-079F98D9468D}.Debug|Any CPU.Build.0 = Debug|Any CPU
		{678EFB0E-BC0A-4749-AD48-079F98D9468D}.Release|Any CPU.ActiveCfg = Release|Any CPU
		{678EFB0E-BC0A-4749-AD48-079F98D9468D}.Release|Any CPU.Build.0 = Release|Any CPU
		{854E1ABE-0873-4BDC-8ABF-7F9506DD66DB}.Debug|Any CPU.ActiveCfg = Debug|Any CPU
		{854E1ABE-0873-4BDC-8ABF-7F9506DD66DB}.Debug|Any CPU.Build.0 = Debug|Any CPU
		{854E1ABE-0873-4BDC-8ABF-7F9506DD66DB}.Release|Any CPU.ActiveCfg = Release|Any CPU
		{854E1ABE-0873-4BDC-8ABF-7F9506DD66DB}.Release|Any CPU.Build.0 = Release|Any CPU
		{A6072CD1-A526-45F2-BB88-D1040AC3A7E8}.Debug|Any CPU.ActiveCfg = Debug|Any CPU
		{A6072CD1-A526-45F2-BB88-D1040AC3A7E8}.Debug|Any CPU.Build.0 = Debug|Any CPU
		{A6072CD1-A526-45F2-BB88-D1040AC3A7E8}.Release|Any CPU.ActiveCfg = Release|Any CPU
		{A6072CD1-A526-45F2-BB88-D1040AC3A7E8}.Release|Any CPU.Build.0 = Release|Any CPU
		{DC306000-300C-4E65-826C-2E41C6445CA9}.Debug|Any CPU.ActiveCfg = Debug|Any CPU
		{DC306000-300C-4E65-826C-2E41C6445CA9}.Debug|Any CPU.Build.0 = Debug|Any CPU
		{DC306000-300C-4E65-826C-2E41C6445CA9}.Release|Any CPU.ActiveCfg = Release|Any CPU
		{DC306000-300C-4E65-826C-2E41C6445CA9}.Release|Any CPU.Build.0 = Release|Any CPU
		{E397A251-4373-4A8E-AA13-3891282DEDC7}.Debug|Any CPU.ActiveCfg = Debug|Any CPU
		{E397A251-4373-4A8E-AA13-3891282DEDC7}.Debug|Any CPU.Build.0 = Debug|Any CPU
		{E397A251-4373-4A8E-AA13-3891282DEDC7}.Release|Any CPU.ActiveCfg = Release|Any CPU
		{E397A251-4373-4A8E-AA13-3891282DEDC7}.Release|Any CPU.Build.0 = Release|Any CPU
		{C5D17DC3-D27B-4812-8916-49912F82DE0F}.Debug|Any CPU.ActiveCfg = Debug|Any CPU
		{C5D17DC3-D27B-4812-8916-49912F82DE0F}.Debug|Any CPU.Build.0 = Debug|Any CPU
		{C5D17DC3-D27B-4812-8916-49912F82DE0F}.Release|Any CPU.ActiveCfg = Release|Any CPU
		{C5D17DC3-D27B-4812-8916-49912F82DE0F}.Release|Any CPU.Build.0 = Release|Any CPU
		{BB7FA204-433A-416B-B9D0-9A79DF874284}.Debug|Any CPU.ActiveCfg = Debug|Any CPU
		{BB7FA204-433A-416B-B9D0-9A79DF874284}.Debug|Any CPU.Build.0 = Debug|Any CPU
		{BB7FA204-433A-416B-B9D0-9A79DF874284}.Release|Any CPU.ActiveCfg = Release|Any CPU
		{BB7FA204-433A-416B-B9D0-9A79DF874284}.Release|Any CPU.Build.0 = Release|Any CPU
		{9DFD09E3-FEEE-4865-9743-457A676925C1}.Debug|Any CPU.ActiveCfg = Debug|Any CPU
		{9DFD09E3-FEEE-4865-9743-457A676925C1}.Debug|Any CPU.Build.0 = Debug|Any CPU
		{9DFD09E3-FEEE-4865-9743-457A676925C1}.Release|Any CPU.ActiveCfg = Release|Any CPU
		{9DFD09E3-FEEE-4865-9743-457A676925C1}.Release|Any CPU.Build.0 = Release|Any CPU
		{38BA79E6-9BCD-4C1A-821B-F930249ACE6C}.Debug|Any CPU.ActiveCfg = Debug|Any CPU
		{38BA79E6-9BCD-4C1A-821B-F930249ACE6C}.Debug|Any CPU.Build.0 = Debug|Any CPU
		{38BA79E6-9BCD-4C1A-821B-F930249ACE6C}.Release|Any CPU.ActiveCfg = Release|Any CPU
		{38BA79E6-9BCD-4C1A-821B-F930249ACE6C}.Release|Any CPU.Build.0 = Release|Any CPU
		{6574A947-589C-413D-A866-D312F9CB7DE9}.Debug|Any CPU.ActiveCfg = Debug|Any CPU
		{6574A947-589C-413D-A866-D312F9CB7DE9}.Debug|Any CPU.Build.0 = Debug|Any CPU
		{6574A947-589C-413D-A866-D312F9CB7DE9}.Release|Any CPU.ActiveCfg = Release|Any CPU
		{6574A947-589C-413D-A866-D312F9CB7DE9}.Release|Any CPU.Build.0 = Release|Any CPU
		{E7653827-67EF-4561-9809-AB52EA3496E0}.Debug|Any CPU.ActiveCfg = Debug|Any CPU
		{E7653827-67EF-4561-9809-AB52EA3496E0}.Debug|Any CPU.Build.0 = Debug|Any CPU
		{E7653827-67EF-4561-9809-AB52EA3496E0}.Release|Any CPU.ActiveCfg = Release|Any CPU
		{E7653827-67EF-4561-9809-AB52EA3496E0}.Release|Any CPU.Build.0 = Release|Any CPU
		{1DCAA734-9274-41FF-A660-2D7B281EF680}.Debug|Any CPU.ActiveCfg = Debug|Any CPU
		{1DCAA734-9274-41FF-A660-2D7B281EF680}.Debug|Any CPU.Build.0 = Debug|Any CPU
		{1DCAA734-9274-41FF-A660-2D7B281EF680}.Release|Any CPU.ActiveCfg = Release|Any CPU
		{1DCAA734-9274-41FF-A660-2D7B281EF680}.Release|Any CPU.Build.0 = Release|Any CPU
		{364269CA-155A-470E-ABC4-CAC175D927F2}.Debug|Any CPU.ActiveCfg = Debug|Any CPU
		{364269CA-155A-470E-ABC4-CAC175D927F2}.Debug|Any CPU.Build.0 = Debug|Any CPU
		{364269CA-155A-470E-ABC4-CAC175D927F2}.Release|Any CPU.ActiveCfg = Release|Any CPU
		{364269CA-155A-470E-ABC4-CAC175D927F2}.Release|Any CPU.Build.0 = Release|Any CPU
	EndGlobalSection
	GlobalSection(SolutionProperties) = preSolution
		HideSolutionNode = FALSE
	EndGlobalSection
	GlobalSection(NestedProjects) = preSolution
		{A6072CD1-A526-45F2-BB88-D1040AC3A7E8} = {5710A57F-57F8-4D50-8C78-82E2DFDCB613}
		{DC306000-300C-4E65-826C-2E41C6445CA9} = {5710A57F-57F8-4D50-8C78-82E2DFDCB613}
		{E397A251-4373-4A8E-AA13-3891282DEDC7} = {5710A57F-57F8-4D50-8C78-82E2DFDCB613}
		{C26C4683-9840-4307-8774-F1F952E3591B} = {D105E6CD-626A-4C04-8AF6-0AA34A4E9CF4}
		{21592C48-BEE1-4706-8024-CF7EB0CF8BA7} = {C26C4683-9840-4307-8774-F1F952E3591B}
		{C5D17DC3-D27B-4812-8916-49912F82DE0F} = {4BC9EFBC-600E-48BF-ADDC-3E573D8315F0}
		{BB7FA204-433A-416B-B9D0-9A79DF874284} = {4BC9EFBC-600E-48BF-ADDC-3E573D8315F0}
		{9DFD09E3-FEEE-4865-9743-457A676925C1} = {EA30816B-8F8B-4584-9D74-103470BB6C76}
		{38BA79E6-9BCD-4C1A-821B-F930249ACE6C} = {EA30816B-8F8B-4584-9D74-103470BB6C76}
		{6574A947-589C-413D-A866-D312F9CB7DE9} = {EA30816B-8F8B-4584-9D74-103470BB6C76}
		{E7653827-67EF-4561-9809-AB52EA3496E0} = {EA30816B-8F8B-4584-9D74-103470BB6C76}
		{1DCAA734-9274-41FF-A660-2D7B281EF680} = {EA30816B-8F8B-4584-9D74-103470BB6C76}
	EndGlobalSection
	GlobalSection(ExtensibilityGlobals) = postSolution
		SolutionGuid = {D4628360-6C13-42D4-9011-6E43A3A0777C}
	EndGlobalSection
EndGlobal
