<?xml version="1.0" encoding="utf-8"?>
<Project ToolsVersion="4.0" xmlns="http://schemas.microsoft.com/developer/msbuild/2003">
  <ItemGroup>
    <Filter Include="Source Files">
      <UniqueIdentifier>{4FC737F1-C7A5-4376-A066-2A32D752A2FF}</UniqueIdentifier>
      <Extensions>cpp;c;cc;cxx;def;odl;idl;hpj;bat;asm;asmx</Extensions>
    </Filter>
    <Filter Include="Header Files">
      <UniqueIdentifier>{93995380-89BD-4b04-88EB-625FBE52EBFB}</UniqueIdentifier>
      <Extensions>h;hh;hpp;hxx;hm;inl;inc;xsd</Extensions>
    </Filter>
    <Filter Include="Resource Files">
      <UniqueIdentifier>{67DA6AB6-F800-4c08-8B7A-83BB121AAD01}</UniqueIdentifier>
      <Extensions>rc;ico;cur;bmp;dlg;rc2;rct;bin;rgs;gif;jpg;jpeg;jpe;resx;tiff;tif;png;wav;mfcribbon-ms</Extensions>
    </Filter>
  </ItemGroup>
  <ItemGroup>
    <ClCompile Include="../../../IL2C.Runtime/il2c.c">
      <Filter>Source Files</Filter>
    </ClCompile>
    <ClCompile Include="../../../IL2C.Runtime/System.Array.c">
      <Filter>Source Files</Filter>
    </ClCompile>
    <ClCompile Include="../../../IL2C.Runtime/System.Boolean.c">
      <Filter>Source Files</Filter>
    </ClCompile>
    <ClCompile Include="../../../IL2C.Runtime/System.Byte.c">
      <Filter>Source Files</Filter>
    </ClCompile>
    <ClCompile Include="../../../IL2C.Runtime/System.Char.c">
      <Filter>Source Files</Filter>
    </ClCompile>
    <ClCompile Include="../../../IL2C.Runtime/System.Console.c">
      <Filter>Source Files</Filter>
    </ClCompile>
    <ClCompile Include="../../../IL2C.Runtime/System.Delegate.c">
      <Filter>Source Files</Filter>
    </ClCompile>
    <ClCompile Include="../../../IL2C.Runtime/System.Double.c">
      <Filter>Source Files</Filter>
    </ClCompile>
    <ClCompile Include="../../../IL2C.Runtime/System.Enum.c">
      <Filter>Source Files</Filter>
    </ClCompile>
    <ClCompile Include="../../../IL2C.Runtime/System.Exception.c">
      <Filter>Source Files</Filter>
    </ClCompile>
    <ClCompile Include="../../../IL2C.Runtime/System.GC.c">
      <Filter>Source Files</Filter>
    </ClCompile>
    <ClCompile Include="../../../IL2C.Runtime/System.Int16.c">
      <Filter>Source Files</Filter>
    </ClCompile>
    <ClCompile Include="../../../IL2C.Runtime/System.Int32.c">
      <Filter>Source Files</Filter>
    </ClCompile>
    <ClCompile Include="../../../IL2C.Runtime/System.Int64.c">
      <Filter>Source Files</Filter>
    </ClCompile>
    <ClCompile Include="../../../IL2C.Runtime/System.IntPtr.c">
      <Filter>Source Files</Filter>
    </ClCompile>
    <ClCompile Include="../../../IL2C.Runtime/System.IndexOutOfRangeException.c">
      <Filter>Source Files</Filter>
    </ClCompile>
    <ClCompile Include="../../../IL2C.Runtime/System.InvalidCastException.c">
      <Filter>Source Files</Filter>
    </ClCompile>
    <ClCompile Include="../../../IL2C.Runtime/System.MulticastDelegate.c">
      <Filter>Source Files</Filter>
    </ClCompile>
    <ClCompile Include="../../../IL2C.Runtime/System.NullReferenceException.c">
      <Filter>Source Files</Filter>
    </ClCompile>
    <ClCompile Include="../../../IL2C.Runtime/System.Object.c">
      <Filter>Source Files</Filter>
    </ClCompile>
    <ClCompile Include="../../../IL2C.Runtime/System.Runtime.CompilerServices.RuntimeHelpers.c">
      <Filter>Source Files</Filter>
    </ClCompile>
    <ClCompile Include="../../../IL2C.Runtime/System.SByte.c">
      <Filter>Source Files</Filter>
    </ClCompile>
    <ClCompile Include="../../../IL2C.Runtime/System.Single.c">
      <Filter>Source Files</Filter>
    </ClCompile>
    <ClCompile Include="../../../IL2C.Runtime/System.String.c">
      <Filter>Source Files</Filter>
    </ClCompile>
    <ClCompile Include="../../../IL2C.Runtime/System.Type.c">
      <Filter>Source Files</Filter>
    </ClCompile>
    <ClCompile Include="../../../IL2C.Runtime/System.UInt16.c">
      <Filter>Source Files</Filter>
    </ClCompile>
    <ClCompile Include="../../../IL2C.Runtime/System.UInt32.c">
      <Filter>Source Files</Filter>
    </ClCompile>
    <ClCompile Include="../../../IL2C.Runtime/System.UInt64.c">
      <Filter>Source Files</Filter>
    </ClCompile>
    <ClCompile Include="../../../IL2C.Runtime/System.UIntPtr.c">
      <Filter>Source Files</Filter>
    </ClCompile>
    <ClCompile Include="../../../IL2C.Runtime/System.ValueType.c">
      <Filter>Source Files</Filter>
    </ClCompile>
    <ClCompile Include="../../../IL2C.Runtime/System.IDisposable.c">
      <Filter>Source Files</Filter>
    </ClCompile>
  </ItemGroup>
  <ItemGroup>
    <ClInclude Include="../../../IL2C.Runtime/debugbreak.h">
      <Filter>Header Files</Filter>
    </ClInclude>
    <ClInclude Include="../../../IL2C.Runtime/il2c.h">
      <Filter>Header Files</Filter>
    </ClInclude>
    <ClInclude Include="../../../IL2C.Runtime/il2c_private.h">
      <Filter>Header Files</Filter>
    </ClInclude>
    <ClInclude Include="../../../IL2C.Runtime/System.Array.h">
      <Filter>Header Files</Filter>
    </ClInclude>
    <ClInclude Include="../../../IL2C.Runtime/System.Boolean.h">
      <Filter>Header Files</Filter>
    </ClInclude>
    <ClInclude Include="../../../IL2C.Runtime/System.Byte.h">
      <Filter>Header Files</Filter>
    </ClInclude>
    <ClInclude Include="../../../IL2C.Runtime/System.Char.h">
      <Filter>Header Files</Filter>
    </ClInclude>
    <ClInclude Include="../../../IL2C.Runtime/System.Console.h">
      <Filter>Header Files</Filter>
    </ClInclude>
    <ClInclude Include="../../../IL2C.Runtime/System.Delegate.h">
      <Filter>Header Files</Filter>
    </ClInclude>
    <ClInclude Include="../../../IL2C.Runtime/System.Double.h">
      <Filter>Header Files</Filter>
    </ClInclude>
    <ClInclude Include="../../../IL2C.Runtime/System.Enum.h">
      <Filter>Header Files</Filter>
    </ClInclude>
    <ClInclude Include="../../../IL2C.Runtime/System.Exception.h">
      <Filter>Header Files</Filter>
    </ClInclude>
    <ClInclude Include="../../../IL2C.Runtime/System.GC.h">
      <Filter>Header Files</Filter>
    </ClInclude>
    <ClInclude Include="../../../IL2C.Runtime/System.Int16.h">
      <Filter>Header Files</Filter>
    </ClInclude>
    <ClInclude Include="../../../IL2C.Runtime/System.Int32.h">
      <Filter>Header Files</Filter>
    </ClInclude>
    <ClInclude Include="../../../IL2C.Runtime/System.Int64.h">
      <Filter>Header Files</Filter>
    </ClInclude>
    <ClInclude Include="../../../IL2C.Runtime/System.IntPtr.h">
      <Filter>Header Files</Filter>
    </ClInclude>
    <ClInclude Include="../../../IL2C.Runtime/System.IndexOutOfRangeException.h">
      <Filter>Header Files</Filter>
    </ClInclude>
    <ClInclude Include="../../../IL2C.Runtime/System.InvalidCastException.h">
      <Filter>Header Files</Filter>
    </ClInclude>
    <ClInclude Include="../../../IL2C.Runtime/System.MulticastDelegate.h">
      <Filter>Header Files</Filter>
    </ClInclude>
    <ClInclude Include="../../../IL2C.Runtime/System.NullReferenceException.h">
      <Filter>Header Files</Filter>
    </ClInclude>
    <ClInclude Include="../../../IL2C.Runtime/System.Object.h">
      <Filter>Header Files</Filter>
    </ClInclude>
    <ClInclude Include="../../../IL2C.Runtime/System.RuntimeFieldHandle.h">
      <Filter>Header Files</Filter>
    </ClInclude>
    <ClInclude Include="../../../IL2C.Runtime/System.Runtime.CompilerServices.RuntimeHelpers.h">
      <Filter>Header Files</Filter>
    </ClInclude>
    <ClInclude Include="../../../IL2C.Runtime/System.SByte.h">
      <Filter>Header Files</Filter>
    </ClInclude>
    <ClInclude Include="../../../IL2C.Runtime/System.Single.h">
      <Filter>Header Files</Filter>
    </ClInclude>
    <ClInclude Include="../../../IL2C.Runtime/System.String.h">
      <Filter>Header Files</Filter>
    </ClInclude>
    <ClInclude Include="../../../IL2C.Runtime/System.Type.h">
      <Filter>Header Files</Filter>
    </ClInclude>
    <ClInclude Include="../../../IL2C.Runtime/System.UInt16.h">
      <Filter>Header Files</Filter>
    </ClInclude>
    <ClInclude Include="../../../IL2C.Runtime/System.UInt32.h">
      <Filter>Header Files</Filter>
    </ClInclude>
    <ClInclude Include="../../../IL2C.Runtime/System.UInt64.h">
      <Filter>Header Files</Filter>
    </ClInclude>
    <ClInclude Include="../../../IL2C.Runtime/System.UIntPtr.h">
      <Filter>Header Files</Filter>
    </ClInclude>
    <ClInclude Include="../../../IL2C.Runtime/System.ValueType.h">
      <Filter>Header Files</Filter>
    </ClInclude>
    <ClInclude Include="../../../IL2C.Runtime/System.IDisposable.h">
      <Filter>Header Files</Filter>
    </ClInclude>
  </ItemGroup>
</Project>